// !$*UTF8*$!
{
	archiveVersion = 1;
	classes = {
	};
	objectVersion = 56;
	objects = {

/* Begin PBXBuildFile section */
		8434B261537F25A536173518 /* Pods_Weather.framework in Frameworks */ = {isa = PBXBuildFile; fileRef = 96507A61F81A03808727A305 /* Pods_Weather.framework */; };
		8626F3412AECFB4100E2F826 /* HeaderContentView.swift in Sources */ = {isa = PBXBuildFile; fileRef = 8626F3402AECFB4100E2F826 /* HeaderContentView.swift */; };
		863530D02B0728B000B7DD45 /* Publisher+Extra.swift in Sources */ = {isa = PBXBuildFile; fileRef = 863530CF2B0728B000B7DD45 /* Publisher+Extra.swift */; };
		8637461A2B0F0C9B00BC0384 /* sunset.png in Resources */ = {isa = PBXBuildFile; fileRef = 863746182B0F0C9B00BC0384 /* sunset.png */; };
		8637461B2B0F0C9B00BC0384 /* sunrise.png in Resources */ = {isa = PBXBuildFile; fileRef = 863746192B0F0C9B00BC0384 /* sunrise.png */; };
		8639BAD72B11B8EF005C8E03 /* GradientColorView.swift in Sources */ = {isa = PBXBuildFile; fileRef = 8639BAD62B11B8EF005C8E03 /* GradientColorView.swift */; };
		863FA70E2AE51106000229CB /* ContentView.swift in Sources */ = {isa = PBXBuildFile; fileRef = 863FA70D2AE51106000229CB /* ContentView.swift */; };
		863FA7102AE51246000229CB /* BottomAppBarView.swift in Sources */ = {isa = PBXBuildFile; fileRef = 863FA70F2AE51246000229CB /* BottomAppBarView.swift */; };
		863FA7122AE57B5F000229CB /* Constant.swift in Sources */ = {isa = PBXBuildFile; fileRef = 863FA7112AE57B5F000229CB /* Constant.swift */; };
		863FA7142AE63679000229CB /* CardView.swift in Sources */ = {isa = PBXBuildFile; fileRef = 863FA7132AE63679000229CB /* CardView.swift */; };
		865463022AE1796C008E56A2 /* AppDelegate.swift in Sources */ = {isa = PBXBuildFile; fileRef = 865463012AE1796C008E56A2 /* AppDelegate.swift */; };
		865463042AE1796C008E56A2 /* SceneDelegate.swift in Sources */ = {isa = PBXBuildFile; fileRef = 865463032AE1796C008E56A2 /* SceneDelegate.swift */; };
		8654630B2AE1796E008E56A2 /* Assets.xcassets in Resources */ = {isa = PBXBuildFile; fileRef = 8654630A2AE1796E008E56A2 /* Assets.xcassets */; };
		8654630E2AE1796E008E56A2 /* LaunchScreen.storyboard in Resources */ = {isa = PBXBuildFile; fileRef = 8654630C2AE1796E008E56A2 /* LaunchScreen.storyboard */; };
		865F687D2AFB7A6400593105 /* EditView.swift in Sources */ = {isa = PBXBuildFile; fileRef = 865F687C2AFB7A6400593105 /* EditView.swift */; };
		865F687F2AFB7B4300593105 /* SearchViewControllerViewModel.swift in Sources */ = {isa = PBXBuildFile; fileRef = 865F687E2AFB7B4300593105 /* SearchViewControllerViewModel.swift */; };
		865F68832AFCDC1300593105 /* UIImage + Extra.swift in Sources */ = {isa = PBXBuildFile; fileRef = 865F68822AFCDC1300593105 /* UIImage + Extra.swift */; };
		865F69C22AFF951000593105 /* 374.png in Resources */ = {isa = PBXBuildFile; fileRef = 865F69922AFF951000593105 /* 374.png */; };
		865F69C32AFF951000593105 /* 176.png in Resources */ = {isa = PBXBuildFile; fileRef = 865F69932AFF951000593105 /* 176.png */; };
		865F69C42AFF951000593105 /* 200.png in Resources */ = {isa = PBXBuildFile; fileRef = 865F69942AFF951000593105 /* 200.png */; };
		865F69C52AFF951000593105 /* 377.png in Resources */ = {isa = PBXBuildFile; fileRef = 865F69952AFF951000593105 /* 377.png */; };
		865F69C62AFF951000593105 /* 389.png in Resources */ = {isa = PBXBuildFile; fileRef = 865F69962AFF951000593105 /* 389.png */; };
		865F69C72AFF951000593105 /* 362.png in Resources */ = {isa = PBXBuildFile; fileRef = 865F69972AFF951000593105 /* 362.png */; };
		865F69C82AFF951000593105 /* 371.png in Resources */ = {isa = PBXBuildFile; fileRef = 865F69982AFF951000593105 /* 371.png */; };
		865F69C92AFF951000593105 /* 365.png in Resources */ = {isa = PBXBuildFile; fileRef = 865F69992AFF951000593105 /* 365.png */; };
		865F69CA2AFF951000593105 /* 359.png in Resources */ = {isa = PBXBuildFile; fileRef = 865F699A2AFF951000593105 /* 359.png */; };
		865F69CB2AFF951000593105 /* 317.png in Resources */ = {isa = PBXBuildFile; fileRef = 865F699B2AFF951000593105 /* 317.png */; };
		865F69CC2AFF951000593105 /* 263.png in Resources */ = {isa = PBXBuildFile; fileRef = 865F699C2AFF951000593105 /* 263.png */; };
		865F69CE2AFF951000593105 /* 314.png in Resources */ = {isa = PBXBuildFile; fileRef = 865F699E2AFF951000593105 /* 314.png */; };
		865F69CF2AFF951000593105 /* 116.png in Resources */ = {isa = PBXBuildFile; fileRef = 865F699F2AFF951000593105 /* 116.png */; };
		865F69D02AFF951000593105 /* 248.png in Resources */ = {isa = PBXBuildFile; fileRef = 865F69A02AFF951000593105 /* 248.png */; };
		865F69D12AFF951000593105 /* 260.png in Resources */ = {isa = PBXBuildFile; fileRef = 865F69A12AFF951000593105 /* 260.png */; };
		865F69D22AFF951000593105 /* 329.png in Resources */ = {isa = PBXBuildFile; fileRef = 865F69A22AFF951000593105 /* 329.png */; };
		865F69D32AFF951000593105 /* 305.png in Resources */ = {isa = PBXBuildFile; fileRef = 865F69A32AFF951000593105 /* 305.png */; };
		865F69D42AFF951000593105 /* 311.png in Resources */ = {isa = PBXBuildFile; fileRef = 865F69A42AFF951000593105 /* 311.png */; };
		865F69D52AFF951000593105 /* 113.png in Resources */ = {isa = PBXBuildFile; fileRef = 865F69A52AFF951000593105 /* 113.png */; };
		865F69D62AFF951000593105 /* 338.png in Resources */ = {isa = PBXBuildFile; fileRef = 865F69A62AFF951000593105 /* 338.png */; };
		865F69D72AFF951000593105 /* 266.png in Resources */ = {isa = PBXBuildFile; fileRef = 865F69A72AFF951000593105 /* 266.png */; };
		865F69D82AFF951000593105 /* 299.png in Resources */ = {isa = PBXBuildFile; fileRef = 865F69A82AFF951000593105 /* 299.png */; };
		865F69D92AFF951000593105 /* 281.png in Resources */ = {isa = PBXBuildFile; fileRef = 865F69A92AFF951000593105 /* 281.png */; };
		865F69DA2AFF951000593105 /* 323.png in Resources */ = {isa = PBXBuildFile; fileRef = 865F69AA2AFF951000593105 /* 323.png */; };
		865F69DB2AFF951000593105 /* 335.png in Resources */ = {isa = PBXBuildFile; fileRef = 865F69AB2AFF951000593105 /* 335.png */; };
		865F69DC2AFF951000593105 /* 296.png in Resources */ = {isa = PBXBuildFile; fileRef = 865F69AC2AFF951000593105 /* 296.png */; };
		865F69DD2AFF951000593105 /* 122.png in Resources */ = {isa = PBXBuildFile; fileRef = 865F69AD2AFF951000593105 /* 122.png */; };
		865F69DE2AFF951000593105 /* 320.png in Resources */ = {isa = PBXBuildFile; fileRef = 865F69AE2AFF951000593105 /* 320.png */; };
		865F69DF2AFF951000593105 /* 308.png in Resources */ = {isa = PBXBuildFile; fileRef = 865F69AF2AFF951000593105 /* 308.png */; };
		865F69E02AFF951000593105 /* 293.png in Resources */ = {isa = PBXBuildFile; fileRef = 865F69B02AFF951000593105 /* 293.png */; };
		865F69E12AFF951000593105 /* 119.png in Resources */ = {isa = PBXBuildFile; fileRef = 865F69B12AFF951000593105 /* 119.png */; };
		865F69E22AFF951000593105 /* 284.png in Resources */ = {isa = PBXBuildFile; fileRef = 865F69B22AFF951000593105 /* 284.png */; };
		865F69E32AFF951000593105 /* 326.png in Resources */ = {isa = PBXBuildFile; fileRef = 865F69B32AFF951000593105 /* 326.png */; };
		865F69E42AFF951000593105 /* 332.png in Resources */ = {isa = PBXBuildFile; fileRef = 865F69B42AFF951000593105 /* 332.png */; };
		865F69E52AFF951000593105 /* 143.png in Resources */ = {isa = PBXBuildFile; fileRef = 865F69B52AFF951000593105 /* 143.png */; };
		865F69E62AFF951000593105 /* 368.png in Resources */ = {isa = PBXBuildFile; fileRef = 865F69B62AFF951000593105 /* 368.png */; };
		865F69E72AFF951000593105 /* 356.png in Resources */ = {isa = PBXBuildFile; fileRef = 865F69B72AFF951000593105 /* 356.png */; };
		865F69E82AFF951000593105 /* 395.png in Resources */ = {isa = PBXBuildFile; fileRef = 865F69B82AFF951000593105 /* 395.png */; };
		865F69E92AFF951000593105 /* 182.png in Resources */ = {isa = PBXBuildFile; fileRef = 865F69B92AFF951000593105 /* 182.png */; };
		865F69EA2AFF951000593105 /* 353.png in Resources */ = {isa = PBXBuildFile; fileRef = 865F69BA2AFF951000593105 /* 353.png */; };
		865F69EB2AFF951000593105 /* 179.png in Resources */ = {isa = PBXBuildFile; fileRef = 865F69BB2AFF951000593105 /* 179.png */; };
		865F69EC2AFF951000593105 /* 227.png in Resources */ = {isa = PBXBuildFile; fileRef = 865F69BC2AFF951000593105 /* 227.png */; };
		865F69ED2AFF951000593105 /* 350.png in Resources */ = {isa = PBXBuildFile; fileRef = 865F69BD2AFF951000593105 /* 350.png */; };
		865F69EE2AFF951000593105 /* 185.png in Resources */ = {isa = PBXBuildFile; fileRef = 865F69BE2AFF951000593105 /* 185.png */; };
		865F69EF2AFF951000593105 /* 230.png in Resources */ = {isa = PBXBuildFile; fileRef = 865F69BF2AFF951000593105 /* 230.png */; };
		865F69F02AFF951000593105 /* 386.png in Resources */ = {isa = PBXBuildFile; fileRef = 865F69C02AFF951000593105 /* 386.png */; };
		865F69F12AFF951000593105 /* 392.png in Resources */ = {isa = PBXBuildFile; fileRef = 865F69C12AFF951000593105 /* 392.png */; };
		865F6A232AFF951700593105 /* 176N.png in Resources */ = {isa = PBXBuildFile; fileRef = 865F69F32AFF951700593105 /* 176N.png */; };
		865F6A242AFF951700593105 /* 320N.png in Resources */ = {isa = PBXBuildFile; fileRef = 865F69F42AFF951700593105 /* 320N.png */; };
		865F6A252AFF951700593105 /* 377N.png in Resources */ = {isa = PBXBuildFile; fileRef = 865F69F52AFF951700593105 /* 377N.png */; };
		865F6A262AFF951700593105 /* 248N.png in Resources */ = {isa = PBXBuildFile; fileRef = 865F69F62AFF951700593105 /* 248N.png */; };
		865F6A272AFF951700593105 /* 395N.png in Resources */ = {isa = PBXBuildFile; fileRef = 865F69F72AFF951700593105 /* 395N.png */; };
		865F6A282AFF951700593105 /* 116N.png in Resources */ = {isa = PBXBuildFile; fileRef = 865F69F82AFF951700593105 /* 116N.png */; };
		865F6A292AFF951700593105 /* 317N.png in Resources */ = {isa = PBXBuildFile; fileRef = 865F69F92AFF951700593105 /* 317N.png */; };
		865F6A2A2AFF951700593105 /* 356N.png in Resources */ = {isa = PBXBuildFile; fileRef = 865F69FA2AFF951700593105 /* 356N.png */; };
		865F6A2B2AFF951700593105 /* 182N.png in Resources */ = {isa = PBXBuildFile; fileRef = 865F69FB2AFF951700593105 /* 182N.png */; };
		865F6A2C2AFF951700593105 /* 326N.png in Resources */ = {isa = PBXBuildFile; fileRef = 865F69FC2AFF951700593105 /* 326N.png */; };
		865F6A2D2AFF951700593105 /* 263N.png in Resources */ = {isa = PBXBuildFile; fileRef = 865F69FD2AFF951700593105 /* 263N.png */; };
		865F6A2E2AFF951700593105 /* 371N.png in Resources */ = {isa = PBXBuildFile; fileRef = 865F69FE2AFF951700593105 /* 371N.png */; };
		865F6A2F2AFF951700593105 /* 185N.png in Resources */ = {isa = PBXBuildFile; fileRef = 865F69FF2AFF951700593105 /* 185N.png */; };
		865F6A302AFF951700593105 /* 296N.png in Resources */ = {isa = PBXBuildFile; fileRef = 865F6A002AFF951700593105 /* 296N.png */; };
		865F6A312AFF951700593105 /* 392N.png in Resources */ = {isa = PBXBuildFile; fileRef = 865F6A012AFF951700593105 /* 392N.png */; };
		865F6A322AFF951700593105 /* 281N.png in Resources */ = {isa = PBXBuildFile; fileRef = 865F6A022AFF951700593105 /* 281N.png */; };
		865F6A332AFF951700593105 /* 311N.png in Resources */ = {isa = PBXBuildFile; fileRef = 865F6A032AFF951700593105 /* 311N.png */; };
		865F6A342AFF951700593105 /* 350N.png in Resources */ = {isa = PBXBuildFile; fileRef = 865F6A042AFF951700593105 /* 350N.png */; };
		865F6A352AFF951700593105 /* 389N.png in Resources */ = {isa = PBXBuildFile; fileRef = 865F6A052AFF951700593105 /* 389N.png */; };
		865F6A362AFF951700593105 /* 332N.png in Resources */ = {isa = PBXBuildFile; fileRef = 865F6A062AFF951700593105 /* 332N.png */; };
		865F6A372AFF951700593105 /* 365N.png in Resources */ = {isa = PBXBuildFile; fileRef = 865F6A072AFF951700593105 /* 365N.png */; };
		865F6A382AFF951700593105 /* 308N.png in Resources */ = {isa = PBXBuildFile; fileRef = 865F6A082AFF951700593105 /* 308N.png */; };
		865F6A3A2AFF951700593105 /* 386N.png in Resources */ = {isa = PBXBuildFile; fileRef = 865F6A0A2AFF951700593105 /* 386N.png */; };
		865F6A3B2AFF951700593105 /* 200N.png in Resources */ = {isa = PBXBuildFile; fileRef = 865F6A0B2AFF951700593105 /* 200N.png */; };
		865F6A3C2AFF951700593105 /* 353N.png in Resources */ = {isa = PBXBuildFile; fileRef = 865F6A0C2AFF951700593105 /* 353N.png */; };
		865F6A3D2AFF951700593105 /* 305N.png in Resources */ = {isa = PBXBuildFile; fileRef = 865F6A0D2AFF951700593105 /* 305N.png */; };
		865F6A3E2AFF951700593105 /* 368N.png in Resources */ = {isa = PBXBuildFile; fileRef = 865F6A0E2AFF951700593105 /* 368N.png */; };
		865F6A3F2AFF951700593105 /* 329N.png in Resources */ = {isa = PBXBuildFile; fileRef = 865F6A0F2AFF951700593105 /* 329N.png */; };
		865F6A402AFF951700593105 /* 299N.png in Resources */ = {isa = PBXBuildFile; fileRef = 865F6A102AFF951700593105 /* 299N.png */; };
		865F6A412AFF951700593105 /* 260N.png in Resources */ = {isa = PBXBuildFile; fileRef = 865F6A112AFF951700593105 /* 260N.png */; };
		865F6A422AFF951700593105 /* 284N.png in Resources */ = {isa = PBXBuildFile; fileRef = 865F6A122AFF951700593105 /* 284N.png */; };
		865F6A432AFF951700593105 /* 338N.png in Resources */ = {isa = PBXBuildFile; fileRef = 865F6A132AFF951700593105 /* 338N.png */; };
		865F6A442AFF951700593105 /* 314N.png in Resources */ = {isa = PBXBuildFile; fileRef = 865F6A142AFF951700593105 /* 314N.png */; };
		865F6A452AFF951700593105 /* 302N.png in Resources */ = {isa = PBXBuildFile; fileRef = 865F6A152AFF951700593105 /* 302N.png */; };
		865F6A462AFF951700593105 /* 119N.png in Resources */ = {isa = PBXBuildFile; fileRef = 865F6A162AFF951700593105 /* 119N.png */; };
		865F6A472AFF951700593105 /* 230N.png in Resources */ = {isa = PBXBuildFile; fileRef = 865F6A172AFF951700593105 /* 230N.png */; };
		865F6A482AFF951700593105 /* 359N.png in Resources */ = {isa = PBXBuildFile; fileRef = 865F6A182AFF951700593105 /* 359N.png */; };
		865F6A492AFF951700593105 /* 122N.png in Resources */ = {isa = PBXBuildFile; fileRef = 865F6A192AFF951700593105 /* 122N.png */; };
		865F6A4A2AFF951700593105 /* 227N.png in Resources */ = {isa = PBXBuildFile; fileRef = 865F6A1A2AFF951700593105 /* 227N.png */; };
		865F6A4B2AFF951700593105 /* 362N.png in Resources */ = {isa = PBXBuildFile; fileRef = 865F6A1B2AFF951700593105 /* 362N.png */; };
		865F6A4C2AFF951700593105 /* 335N.png in Resources */ = {isa = PBXBuildFile; fileRef = 865F6A1C2AFF951700593105 /* 335N.png */; };
		865F6A4D2AFF951700593105 /* 266N.png in Resources */ = {isa = PBXBuildFile; fileRef = 865F6A1D2AFF951700593105 /* 266N.png */; };
		865F6A4E2AFF951700593105 /* 323N.png in Resources */ = {isa = PBXBuildFile; fileRef = 865F6A1E2AFF951700593105 /* 323N.png */; };
		865F6A4F2AFF951700593105 /* 374N.png in Resources */ = {isa = PBXBuildFile; fileRef = 865F6A1F2AFF951700593105 /* 374N.png */; };
		865F6A502AFF951700593105 /* 179N.png in Resources */ = {isa = PBXBuildFile; fileRef = 865F6A202AFF951700593105 /* 179N.png */; };
		865F6A512AFF951700593105 /* 293N.png in Resources */ = {isa = PBXBuildFile; fileRef = 865F6A212AFF951700593105 /* 293N.png */; };
		865F6A522AFF951700593105 /* 143N.png in Resources */ = {isa = PBXBuildFile; fileRef = 865F6A222AFF951700593105 /* 143N.png */; };
		867EF88B2AE1821D0064562C /* Model.swift in Sources */ = {isa = PBXBuildFile; fileRef = 867EF88A2AE1821D0064562C /* Model.swift */; };
		867EF8912AE271B00064562C /* WeatherService.swift in Sources */ = {isa = PBXBuildFile; fileRef = 867EF8902AE271B00064562C /* WeatherService.swift */; };
		867EF8932AE39C3F0064562C /* AdaptiveLayoutHelper.swift in Sources */ = {isa = PBXBuildFile; fileRef = 867EF8922AE39C3F0064562C /* AdaptiveLayoutHelper.swift */; };
		867EF8982AE39C5D0064562C /* Dimension.swift in Sources */ = {isa = PBXBuildFile; fileRef = 867EF8952AE39C5D0064562C /* Dimension.swift */; };
		867EF8992AE39C5D0064562C /* Device.swift in Sources */ = {isa = PBXBuildFile; fileRef = 867EF8962AE39C5D0064562C /* Device.swift */; };
		867EF89A2AE39C5D0064562C /* Font.swift in Sources */ = {isa = PBXBuildFile; fileRef = 867EF8972AE39C5D0064562C /* Font.swift */; };
		867EF89F2AE39CB20064562C /* CGFloatExtension.swift in Sources */ = {isa = PBXBuildFile; fileRef = 867EF89D2AE39CB20064562C /* CGFloatExtension.swift */; };
		867EF8A02AE39CB20064562C /* UIViewExtension.swift in Sources */ = {isa = PBXBuildFile; fileRef = 867EF89E2AE39CB20064562C /* UIViewExtension.swift */; };
		867EF8A42AE3A3E30064562C /* ArrayExtension.swift in Sources */ = {isa = PBXBuildFile; fileRef = 867EF8A32AE3A3E30064562C /* ArrayExtension.swift */; };
		867EF8A62AE3A6820064562C /* IntExtension.swift in Sources */ = {isa = PBXBuildFile; fileRef = 867EF8A52AE3A6820064562C /* IntExtension.swift */; };
		867EF8A82AE3BD2C0064562C /* MasterViewController.swift in Sources */ = {isa = PBXBuildFile; fileRef = 867EF8A72AE3BD2B0064562C /* MasterViewController.swift */; };
		868528BE2B183E200010C9EB /* 113N.png in Resources */ = {isa = PBXBuildFile; fileRef = 868528BD2B183E200010C9EB /* 113N.png */; };
		868528C02B1971AB0010C9EB /* CoreDataHelper.swift in Sources */ = {isa = PBXBuildFile; fileRef = 868528BF2B1971AB0010C9EB /* CoreDataHelper.swift */; };
		868528D32B1B371E0010C9EB /* Location.xcdatamodeld in Sources */ = {isa = PBXBuildFile; fileRef = 868528D12B1B371E0010C9EB /* Location.xcdatamodeld */; };
		868528DB2B1B8ABA0010C9EB /* sky4.jpeg in Resources */ = {isa = PBXBuildFile; fileRef = 868528DA2B1B8ABA0010C9EB /* sky4.jpeg */; };
		868B6C172AEC0E93006610A9 /* FitUILabel.swift in Sources */ = {isa = PBXBuildFile; fileRef = 868B6C162AEC0E92006610A9 /* FitUILabel.swift */; };
		868B6C192AEC0EE3006610A9 /* UILabel+Extra.swift in Sources */ = {isa = PBXBuildFile; fileRef = 868B6C182AEC0EE3006610A9 /* UILabel+Extra.swift */; };
		8695140F2B1D954F006B8D43 /* ContentViewModel+Extra.swift in Sources */ = {isa = PBXBuildFile; fileRef = 8695140E2B1D954F006B8D43 /* ContentViewModel+Extra.swift */; };
		869514112B20367F006B8D43 /* UIView+Extra.swift in Sources */ = {isa = PBXBuildFile; fileRef = 869514102B20367E006B8D43 /* UIView+Extra.swift */; };
		869514132B20443D006B8D43 /* UItableView+Extra.swift in Sources */ = {isa = PBXBuildFile; fileRef = 869514122B20443D006B8D43 /* UItableView+Extra.swift */; };
		869514192B2315F2006B8D43 /* sky3.jpeg in Resources */ = {isa = PBXBuildFile; fileRef = 869514182B2315F2006B8D43 /* sky3.jpeg */; };
		869AFB172B2C3FA90099D209 /* ForecastViewModel.swift in Sources */ = {isa = PBXBuildFile; fileRef = 869AFB162B2C3FA90099D209 /* ForecastViewModel.swift */; };
		869AFB192B2C3FC50099D209 /* HourlyForecastViewModel.swift in Sources */ = {isa = PBXBuildFile; fileRef = 869AFB182B2C3FC50099D209 /* HourlyForecastViewModel.swift */; };
		869AFB1B2B2C3FDE0099D209 /* TenDayForecastViewModel.swift in Sources */ = {isa = PBXBuildFile; fileRef = 869AFB1A2B2C3FDE0099D209 /* TenDayForecastViewModel.swift */; };
		869AFB202B2C43B10099D209 /* WeatherCellViewModel.swift in Sources */ = {isa = PBXBuildFile; fileRef = 869AFB1F2B2C43B10099D209 /* WeatherCellViewModel.swift */; };
		869AFB222B2C46A30099D209 /* GradientColorViewModel.swift in Sources */ = {isa = PBXBuildFile; fileRef = 869AFB212B2C46A30099D209 /* GradientColorViewModel.swift */; };
		869AFB262B2D63300099D209 /* TimeHandler.swift in Sources */ = {isa = PBXBuildFile; fileRef = 869AFB252B2D63300099D209 /* TimeHandler.swift */; };
		869AFB282B2D642A0099D209 /* ImageHandler.swift in Sources */ = {isa = PBXBuildFile; fileRef = 869AFB272B2D642A0099D209 /* ImageHandler.swift */; };
		869AFB312B31A6C80099D209 /* BottomAppBarViewModel.swift in Sources */ = {isa = PBXBuildFile; fileRef = 869AFB302B31A6C80099D209 /* BottomAppBarViewModel.swift */; };
		869AFB352B355E160099D209 /* CardViewModelCreatorProtocol.swift in Sources */ = {isa = PBXBuildFile; fileRef = 869AFB342B355E160099D209 /* CardViewModelCreatorProtocol.swift */; };
		869AFB392B355F070099D209 /* SubViewModelProtocol.swift in Sources */ = {isa = PBXBuildFile; fileRef = 869AFB382B355F070099D209 /* SubViewModelProtocol.swift */; };
		869AFB3B2B355F660099D209 /* CardViewTenDayForecastViewModelCreator.swift in Sources */ = {isa = PBXBuildFile; fileRef = 869AFB3A2B355F660099D209 /* CardViewTenDayForecastViewModelCreator.swift */; };
		869AFB3D2B355F9C0099D209 /* CardViewHourlyForecastViewModelCreator.swift in Sources */ = {isa = PBXBuildFile; fileRef = 869AFB3C2B355F9C0099D209 /* CardViewHourlyForecastViewModelCreator.swift */; };
		869AFB3F2B355FCE0099D209 /* CardViewUVForecastViewModelCreator.swift in Sources */ = {isa = PBXBuildFile; fileRef = 869AFB3E2B355FCE0099D209 /* CardViewUVForecastViewModelCreator.swift */; };
		869AFB412B3560170099D209 /* CardViewAstroForecastViewModelCreator.swift in Sources */ = {isa = PBXBuildFile; fileRef = 869AFB402B3560170099D209 /* CardViewAstroForecastViewModelCreator.swift */; };
		869AFB432B37EB080099D209 /* CardViewWindForecastViewModelCreator.swift in Sources */ = {isa = PBXBuildFile; fileRef = 869AFB422B37EB080099D209 /* CardViewWindForecastViewModelCreator.swift */; };
		869AFB452B37ECB70099D209 /* CardViewPrecipiptationForecastViewModelCreator.swift in Sources */ = {isa = PBXBuildFile; fileRef = 869AFB442B37ECB70099D209 /* CardViewPrecipiptationForecastViewModelCreator.swift */; };
		869AFB472B37F32B0099D209 /* CardViewFeelslikeForecastViewModelCreator.swift in Sources */ = {isa = PBXBuildFile; fileRef = 869AFB462B37F32B0099D209 /* CardViewFeelslikeForecastViewModelCreator.swift */; };
		869AFB492B37F51B0099D209 /* CardViewVisForecastViewModelCreator.swift in Sources */ = {isa = PBXBuildFile; fileRef = 869AFB482B37F51B0099D209 /* CardViewVisForecastViewModelCreator.swift */; };
		869AFB4B2B37F5CA0099D209 /* CardViewPresureForecastViewModelCreator.swift in Sources */ = {isa = PBXBuildFile; fileRef = 869AFB4A2B37F5CA0099D209 /* CardViewPresureForecastViewModelCreator.swift */; };
		869AFB512B3A96C40099D209 /* AlternativeViewModel.swift in Sources */ = {isa = PBXBuildFile; fileRef = 869AFB502B3A96C40099D209 /* AlternativeViewModel.swift */; };
		869AFB552B3D2A930099D209 /* EditViewModel.swift in Sources */ = {isa = PBXBuildFile; fileRef = 869AFB542B3D2A930099D209 /* EditViewModel.swift */; };
		869AFB572B3D414C0099D209 /* EditCellViewModel.swift in Sources */ = {isa = PBXBuildFile; fileRef = 869AFB562B3D414C0099D209 /* EditCellViewModel.swift */; };
		869AFB592B429EC80099D209 /* CardViewHumidityForecastViewModel.swift in Sources */ = {isa = PBXBuildFile; fileRef = 869AFB582B429EC80099D209 /* CardViewHumidityForecastViewModel.swift */; };
		869AFB5D2B4524B70099D209 /* MasterCoordinator.swift in Sources */ = {isa = PBXBuildFile; fileRef = 869AFB5C2B4524B70099D209 /* MasterCoordinator.swift */; };
		869AFB5F2B4524CA0099D209 /* SearchCoordinator.swift in Sources */ = {isa = PBXBuildFile; fileRef = 869AFB5E2B4524CA0099D209 /* SearchCoordinator.swift */; };
		869AFB612B4524E70099D209 /* RouterProtocol.swift in Sources */ = {isa = PBXBuildFile; fileRef = 869AFB602B4524E70099D209 /* RouterProtocol.swift */; };
		869AFB632B45517F0099D209 /* Router.swift in Sources */ = {isa = PBXBuildFile; fileRef = 869AFB622B45517F0099D209 /* Router.swift */; };
		869AFB652B45596B0099D209 /* AppCoordinator.swift in Sources */ = {isa = PBXBuildFile; fileRef = 869AFB642B45596B0099D209 /* AppCoordinator.swift */; };
		869AFB672B45599A0099D209 /* CoordinatorProtocol.swift in Sources */ = {isa = PBXBuildFile; fileRef = 869AFB662B45599A0099D209 /* CoordinatorProtocol.swift */; };
		869AFB692B4812D10099D209 /* ContentViewControllerCoordinator.swift in Sources */ = {isa = PBXBuildFile; fileRef = 869AFB682B4812D10099D209 /* ContentViewControllerCoordinator.swift */; };
		869DAE752AEA5FBC00152FCF /* String+Extra.swift in Sources */ = {isa = PBXBuildFile; fileRef = 869DAE742AEA5FBC00152FCF /* String+Extra.swift */; };
		86C46BBA2B12013900E8CC3E /* 302.png in Resources */ = {isa = PBXBuildFile; fileRef = 86C46BB92B12013900E8CC3E /* 302.png */; };
		86C46BBC2B12064000E8CC3E /* SearchResultVC.swift in Sources */ = {isa = PBXBuildFile; fileRef = 86C46BBB2B12064000E8CC3E /* SearchResultVC.swift */; };
		86C46BC02B120C7300E8CC3E /* GMSPlacesClient+Extra.swift in Sources */ = {isa = PBXBuildFile; fileRef = 86C46BBF2B120C7300E8CC3E /* GMSPlacesClient+Extra.swift */; };
		86C46BC22B13399300E8CC3E /* SearchResultViewModel.swift in Sources */ = {isa = PBXBuildFile; fileRef = 86C46BC12B13399300E8CC3E /* SearchResultViewModel.swift */; };
		86C46BC52B148ACF00E8CC3E /* CustomVisualEffectView.swift in Sources */ = {isa = PBXBuildFile; fileRef = 86C46BC42B148ACF00E8CC3E /* CustomVisualEffectView.swift */; };
		86C46BC72B14926600E8CC3E /* AlternativeView.swift in Sources */ = {isa = PBXBuildFile; fileRef = 86C46BC62B14926600E8CC3E /* AlternativeView.swift */; };
		86C46BC92B14B3D200E8CC3E /* ContentViewController.swift in Sources */ = {isa = PBXBuildFile; fileRef = 86C46BC82B14B3D200E8CC3E /* ContentViewController.swift */; };
		86C46BCB2B15A0C400E8CC3E /* ContentViewControllerViewModel.swift in Sources */ = {isa = PBXBuildFile; fileRef = 86C46BCA2B15A0C400E8CC3E /* ContentViewControllerViewModel.swift */; };
		86C46BDA2B15F50900E8CC3E /* Location+CoreDataProperties.swift in Sources */ = {isa = PBXBuildFile; fileRef = 86C46BD82B15F50800E8CC3E /* Location+CoreDataProperties.swift */; };
		86C46BDB2B15F50900E8CC3E /* Location+CoreDataClass.swift in Sources */ = {isa = PBXBuildFile; fileRef = 86C46BD92B15F50800E8CC3E /* Location+CoreDataClass.swift */; };
		86ED66522AF4A7D100BED0D5 /* ContentViewModel.swift in Sources */ = {isa = PBXBuildFile; fileRef = 86ED66512AF4A7D100BED0D5 /* ContentViewModel.swift */; };
		86ED66542AF4A7F000BED0D5 /* CardViewModel.swift in Sources */ = {isa = PBXBuildFile; fileRef = 86ED66532AF4A7F000BED0D5 /* CardViewModel.swift */; };
		86ED66562AF4A80A00BED0D5 /* HeaderContentViewModel.swift in Sources */ = {isa = PBXBuildFile; fileRef = 86ED66552AF4A80A00BED0D5 /* HeaderContentViewModel.swift */; };
		86ED66582AF4A82800BED0D5 /* BodyContentViewModel.swift in Sources */ = {isa = PBXBuildFile; fileRef = 86ED66572AF4A82800BED0D5 /* BodyContentViewModel.swift */; };
		86ED665A2AF4A83C00BED0D5 /* MasterViewModel.swift in Sources */ = {isa = PBXBuildFile; fileRef = 86ED66592AF4A83C00BED0D5 /* MasterViewModel.swift */; };
		86ED665C2AF6018600BED0D5 /* HourlyForecastView.swift in Sources */ = {isa = PBXBuildFile; fileRef = 86ED665B2AF6018600BED0D5 /* HourlyForecastView.swift */; };
		86ED68AC2AF64CCA00BED0D5 /* rain-sky2.jpeg in Resources */ = {isa = PBXBuildFile; fileRef = 86ED68AB2AF64CCA00BED0D5 /* rain-sky2.jpeg */; };
		86ED68AE2AF653B500BED0D5 /* TenDayForecastView.swift in Sources */ = {isa = PBXBuildFile; fileRef = 86ED68AD2AF653B500BED0D5 /* TenDayForecastView.swift */; };
		86ED68B02AF67B3000BED0D5 /* blue-sky2.jpeg in Resources */ = {isa = PBXBuildFile; fileRef = 86ED68AF2AF67B2F00BED0D5 /* blue-sky2.jpeg */; };
		86ED68B22AF7850300BED0D5 /* ForecastView.swift in Sources */ = {isa = PBXBuildFile; fileRef = 86ED68B12AF7850300BED0D5 /* ForecastView.swift */; };
		86ED68B42AF8EF0100BED0D5 /* SearchViewController.swift in Sources */ = {isa = PBXBuildFile; fileRef = 86ED68B32AF8EF0100BED0D5 /* SearchViewController.swift */; };
		86ED68CC2AF9F0C500BED0D5 /* WeatherCell.swift in Sources */ = {isa = PBXBuildFile; fileRef = 86ED68CB2AF9F0C500BED0D5 /* WeatherCell.swift */; };
		86FE70062AEE4BF400E4BC1D /* BodyContentView.swift in Sources */ = {isa = PBXBuildFile; fileRef = 86FE70052AEE4BF400E4BC1D /* BodyContentView.swift */; };
/* End PBXBuildFile section */

/* Begin PBXFileReference section */
		79EFCBC84E4F951CEB03AFEB /* Pods-Weather.release.xcconfig */ = {isa = PBXFileReference; includeInIndex = 1; lastKnownFileType = text.xcconfig; name = "Pods-Weather.release.xcconfig"; path = "Target Support Files/Pods-Weather/Pods-Weather.release.xcconfig"; sourceTree = "<group>"; };
		8626F3402AECFB4100E2F826 /* HeaderContentView.swift */ = {isa = PBXFileReference; lastKnownFileType = sourcecode.swift; path = HeaderContentView.swift; sourceTree = "<group>"; };
		863530CF2B0728B000B7DD45 /* Publisher+Extra.swift */ = {isa = PBXFileReference; lastKnownFileType = sourcecode.swift; path = "Publisher+Extra.swift"; sourceTree = "<group>"; };
		863746182B0F0C9B00BC0384 /* sunset.png */ = {isa = PBXFileReference; lastKnownFileType = image.png; path = sunset.png; sourceTree = "<group>"; };
		863746192B0F0C9B00BC0384 /* sunrise.png */ = {isa = PBXFileReference; lastKnownFileType = image.png; path = sunrise.png; sourceTree = "<group>"; };
		8639BAD62B11B8EF005C8E03 /* GradientColorView.swift */ = {isa = PBXFileReference; lastKnownFileType = sourcecode.swift; path = GradientColorView.swift; sourceTree = "<group>"; };
		863FA70D2AE51106000229CB /* ContentView.swift */ = {isa = PBXFileReference; lastKnownFileType = sourcecode.swift; path = ContentView.swift; sourceTree = "<group>"; };
		863FA70F2AE51246000229CB /* BottomAppBarView.swift */ = {isa = PBXFileReference; lastKnownFileType = sourcecode.swift; path = BottomAppBarView.swift; sourceTree = "<group>"; };
		863FA7112AE57B5F000229CB /* Constant.swift */ = {isa = PBXFileReference; lastKnownFileType = sourcecode.swift; path = Constant.swift; sourceTree = "<group>"; };
		863FA7132AE63679000229CB /* CardView.swift */ = {isa = PBXFileReference; lastKnownFileType = sourcecode.swift; path = CardView.swift; sourceTree = "<group>"; };
		865462FE2AE1796B008E56A2 /* Weather.app */ = {isa = PBXFileReference; explicitFileType = wrapper.application; includeInIndex = 0; path = Weather.app; sourceTree = BUILT_PRODUCTS_DIR; };
		865463012AE1796C008E56A2 /* AppDelegate.swift */ = {isa = PBXFileReference; lastKnownFileType = sourcecode.swift; path = AppDelegate.swift; sourceTree = "<group>"; };
		865463032AE1796C008E56A2 /* SceneDelegate.swift */ = {isa = PBXFileReference; lastKnownFileType = sourcecode.swift; path = SceneDelegate.swift; sourceTree = "<group>"; };
		8654630A2AE1796E008E56A2 /* Assets.xcassets */ = {isa = PBXFileReference; lastKnownFileType = folder.assetcatalog; path = Assets.xcassets; sourceTree = "<group>"; };
		8654630D2AE1796E008E56A2 /* Base */ = {isa = PBXFileReference; lastKnownFileType = file.storyboard; name = Base; path = Base.lproj/LaunchScreen.storyboard; sourceTree = "<group>"; };
		8654630F2AE1796E008E56A2 /* Info.plist */ = {isa = PBXFileReference; lastKnownFileType = text.plist.xml; path = Info.plist; sourceTree = "<group>"; };
		865F687C2AFB7A6400593105 /* EditView.swift */ = {isa = PBXFileReference; lastKnownFileType = sourcecode.swift; path = EditView.swift; sourceTree = "<group>"; };
		865F687E2AFB7B4300593105 /* SearchViewControllerViewModel.swift */ = {isa = PBXFileReference; lastKnownFileType = sourcecode.swift; path = SearchViewControllerViewModel.swift; sourceTree = "<group>"; };
		865F68822AFCDC1300593105 /* UIImage + Extra.swift */ = {isa = PBXFileReference; lastKnownFileType = sourcecode.swift; path = "UIImage + Extra.swift"; sourceTree = "<group>"; };
		865F69922AFF951000593105 /* 374.png */ = {isa = PBXFileReference; lastKnownFileType = image.png; path = 374.png; sourceTree = "<group>"; };
		865F69932AFF951000593105 /* 176.png */ = {isa = PBXFileReference; lastKnownFileType = image.png; path = 176.png; sourceTree = "<group>"; };
		865F69942AFF951000593105 /* 200.png */ = {isa = PBXFileReference; lastKnownFileType = image.png; path = 200.png; sourceTree = "<group>"; };
		865F69952AFF951000593105 /* 377.png */ = {isa = PBXFileReference; lastKnownFileType = image.png; path = 377.png; sourceTree = "<group>"; };
		865F69962AFF951000593105 /* 389.png */ = {isa = PBXFileReference; lastKnownFileType = image.png; path = 389.png; sourceTree = "<group>"; };
		865F69972AFF951000593105 /* 362.png */ = {isa = PBXFileReference; lastKnownFileType = image.png; path = 362.png; sourceTree = "<group>"; };
		865F69982AFF951000593105 /* 371.png */ = {isa = PBXFileReference; lastKnownFileType = image.png; path = 371.png; sourceTree = "<group>"; };
		865F69992AFF951000593105 /* 365.png */ = {isa = PBXFileReference; lastKnownFileType = image.png; path = 365.png; sourceTree = "<group>"; };
		865F699A2AFF951000593105 /* 359.png */ = {isa = PBXFileReference; lastKnownFileType = image.png; path = 359.png; sourceTree = "<group>"; };
		865F699B2AFF951000593105 /* 317.png */ = {isa = PBXFileReference; lastKnownFileType = image.png; path = 317.png; sourceTree = "<group>"; };
		865F699C2AFF951000593105 /* 263.png */ = {isa = PBXFileReference; lastKnownFileType = image.png; path = 263.png; sourceTree = "<group>"; };
		865F699E2AFF951000593105 /* 314.png */ = {isa = PBXFileReference; lastKnownFileType = image.png; path = 314.png; sourceTree = "<group>"; };
		865F699F2AFF951000593105 /* 116.png */ = {isa = PBXFileReference; lastKnownFileType = image.png; path = 116.png; sourceTree = "<group>"; };
		865F69A02AFF951000593105 /* 248.png */ = {isa = PBXFileReference; lastKnownFileType = image.png; path = 248.png; sourceTree = "<group>"; };
		865F69A12AFF951000593105 /* 260.png */ = {isa = PBXFileReference; lastKnownFileType = image.png; path = 260.png; sourceTree = "<group>"; };
		865F69A22AFF951000593105 /* 329.png */ = {isa = PBXFileReference; lastKnownFileType = image.png; path = 329.png; sourceTree = "<group>"; };
		865F69A32AFF951000593105 /* 305.png */ = {isa = PBXFileReference; lastKnownFileType = image.png; path = 305.png; sourceTree = "<group>"; };
		865F69A42AFF951000593105 /* 311.png */ = {isa = PBXFileReference; lastKnownFileType = image.png; path = 311.png; sourceTree = "<group>"; };
		865F69A52AFF951000593105 /* 113.png */ = {isa = PBXFileReference; lastKnownFileType = image.png; path = 113.png; sourceTree = "<group>"; };
		865F69A62AFF951000593105 /* 338.png */ = {isa = PBXFileReference; lastKnownFileType = image.png; path = 338.png; sourceTree = "<group>"; };
		865F69A72AFF951000593105 /* 266.png */ = {isa = PBXFileReference; lastKnownFileType = image.png; path = 266.png; sourceTree = "<group>"; };
		865F69A82AFF951000593105 /* 299.png */ = {isa = PBXFileReference; lastKnownFileType = image.png; path = 299.png; sourceTree = "<group>"; };
		865F69A92AFF951000593105 /* 281.png */ = {isa = PBXFileReference; lastKnownFileType = image.png; path = 281.png; sourceTree = "<group>"; };
		865F69AA2AFF951000593105 /* 323.png */ = {isa = PBXFileReference; lastKnownFileType = image.png; path = 323.png; sourceTree = "<group>"; };
		865F69AB2AFF951000593105 /* 335.png */ = {isa = PBXFileReference; lastKnownFileType = image.png; path = 335.png; sourceTree = "<group>"; };
		865F69AC2AFF951000593105 /* 296.png */ = {isa = PBXFileReference; lastKnownFileType = image.png; path = 296.png; sourceTree = "<group>"; };
		865F69AD2AFF951000593105 /* 122.png */ = {isa = PBXFileReference; lastKnownFileType = image.png; path = 122.png; sourceTree = "<group>"; };
		865F69AE2AFF951000593105 /* 320.png */ = {isa = PBXFileReference; lastKnownFileType = image.png; path = 320.png; sourceTree = "<group>"; };
		865F69AF2AFF951000593105 /* 308.png */ = {isa = PBXFileReference; lastKnownFileType = image.png; path = 308.png; sourceTree = "<group>"; };
		865F69B02AFF951000593105 /* 293.png */ = {isa = PBXFileReference; lastKnownFileType = image.png; path = 293.png; sourceTree = "<group>"; };
		865F69B12AFF951000593105 /* 119.png */ = {isa = PBXFileReference; lastKnownFileType = image.png; path = 119.png; sourceTree = "<group>"; };
		865F69B22AFF951000593105 /* 284.png */ = {isa = PBXFileReference; lastKnownFileType = image.png; path = 284.png; sourceTree = "<group>"; };
		865F69B32AFF951000593105 /* 326.png */ = {isa = PBXFileReference; lastKnownFileType = image.png; path = 326.png; sourceTree = "<group>"; };
		865F69B42AFF951000593105 /* 332.png */ = {isa = PBXFileReference; lastKnownFileType = image.png; path = 332.png; sourceTree = "<group>"; };
		865F69B52AFF951000593105 /* 143.png */ = {isa = PBXFileReference; lastKnownFileType = image.png; path = 143.png; sourceTree = "<group>"; };
		865F69B62AFF951000593105 /* 368.png */ = {isa = PBXFileReference; lastKnownFileType = image.png; path = 368.png; sourceTree = "<group>"; };
		865F69B72AFF951000593105 /* 356.png */ = {isa = PBXFileReference; lastKnownFileType = image.png; path = 356.png; sourceTree = "<group>"; };
		865F69B82AFF951000593105 /* 395.png */ = {isa = PBXFileReference; lastKnownFileType = image.png; path = 395.png; sourceTree = "<group>"; };
		865F69B92AFF951000593105 /* 182.png */ = {isa = PBXFileReference; lastKnownFileType = image.png; path = 182.png; sourceTree = "<group>"; };
		865F69BA2AFF951000593105 /* 353.png */ = {isa = PBXFileReference; lastKnownFileType = image.png; path = 353.png; sourceTree = "<group>"; };
		865F69BB2AFF951000593105 /* 179.png */ = {isa = PBXFileReference; lastKnownFileType = image.png; path = 179.png; sourceTree = "<group>"; };
		865F69BC2AFF951000593105 /* 227.png */ = {isa = PBXFileReference; lastKnownFileType = image.png; path = 227.png; sourceTree = "<group>"; };
		865F69BD2AFF951000593105 /* 350.png */ = {isa = PBXFileReference; lastKnownFileType = image.png; path = 350.png; sourceTree = "<group>"; };
		865F69BE2AFF951000593105 /* 185.png */ = {isa = PBXFileReference; lastKnownFileType = image.png; path = 185.png; sourceTree = "<group>"; };
		865F69BF2AFF951000593105 /* 230.png */ = {isa = PBXFileReference; lastKnownFileType = image.png; path = 230.png; sourceTree = "<group>"; };
		865F69C02AFF951000593105 /* 386.png */ = {isa = PBXFileReference; lastKnownFileType = image.png; path = 386.png; sourceTree = "<group>"; };
		865F69C12AFF951000593105 /* 392.png */ = {isa = PBXFileReference; lastKnownFileType = image.png; path = 392.png; sourceTree = "<group>"; };
		865F69F32AFF951700593105 /* 176N.png */ = {isa = PBXFileReference; lastKnownFileType = image.png; path = 176N.png; sourceTree = "<group>"; };
		865F69F42AFF951700593105 /* 320N.png */ = {isa = PBXFileReference; lastKnownFileType = image.png; path = 320N.png; sourceTree = "<group>"; };
		865F69F52AFF951700593105 /* 377N.png */ = {isa = PBXFileReference; lastKnownFileType = image.png; path = 377N.png; sourceTree = "<group>"; };
		865F69F62AFF951700593105 /* 248N.png */ = {isa = PBXFileReference; lastKnownFileType = image.png; path = 248N.png; sourceTree = "<group>"; };
		865F69F72AFF951700593105 /* 395N.png */ = {isa = PBXFileReference; lastKnownFileType = image.png; path = 395N.png; sourceTree = "<group>"; };
		865F69F82AFF951700593105 /* 116N.png */ = {isa = PBXFileReference; lastKnownFileType = image.png; path = 116N.png; sourceTree = "<group>"; };
		865F69F92AFF951700593105 /* 317N.png */ = {isa = PBXFileReference; lastKnownFileType = image.png; path = 317N.png; sourceTree = "<group>"; };
		865F69FA2AFF951700593105 /* 356N.png */ = {isa = PBXFileReference; lastKnownFileType = image.png; path = 356N.png; sourceTree = "<group>"; };
		865F69FB2AFF951700593105 /* 182N.png */ = {isa = PBXFileReference; lastKnownFileType = image.png; path = 182N.png; sourceTree = "<group>"; };
		865F69FC2AFF951700593105 /* 326N.png */ = {isa = PBXFileReference; lastKnownFileType = image.png; path = 326N.png; sourceTree = "<group>"; };
		865F69FD2AFF951700593105 /* 263N.png */ = {isa = PBXFileReference; lastKnownFileType = image.png; path = 263N.png; sourceTree = "<group>"; };
		865F69FE2AFF951700593105 /* 371N.png */ = {isa = PBXFileReference; lastKnownFileType = image.png; path = 371N.png; sourceTree = "<group>"; };
		865F69FF2AFF951700593105 /* 185N.png */ = {isa = PBXFileReference; lastKnownFileType = image.png; path = 185N.png; sourceTree = "<group>"; };
		865F6A002AFF951700593105 /* 296N.png */ = {isa = PBXFileReference; lastKnownFileType = image.png; path = 296N.png; sourceTree = "<group>"; };
		865F6A012AFF951700593105 /* 392N.png */ = {isa = PBXFileReference; lastKnownFileType = image.png; path = 392N.png; sourceTree = "<group>"; };
		865F6A022AFF951700593105 /* 281N.png */ = {isa = PBXFileReference; lastKnownFileType = image.png; path = 281N.png; sourceTree = "<group>"; };
		865F6A032AFF951700593105 /* 311N.png */ = {isa = PBXFileReference; lastKnownFileType = image.png; path = 311N.png; sourceTree = "<group>"; };
		865F6A042AFF951700593105 /* 350N.png */ = {isa = PBXFileReference; lastKnownFileType = image.png; path = 350N.png; sourceTree = "<group>"; };
		865F6A052AFF951700593105 /* 389N.png */ = {isa = PBXFileReference; lastKnownFileType = image.png; path = 389N.png; sourceTree = "<group>"; };
		865F6A062AFF951700593105 /* 332N.png */ = {isa = PBXFileReference; lastKnownFileType = image.png; path = 332N.png; sourceTree = "<group>"; };
		865F6A072AFF951700593105 /* 365N.png */ = {isa = PBXFileReference; lastKnownFileType = image.png; path = 365N.png; sourceTree = "<group>"; };
		865F6A082AFF951700593105 /* 308N.png */ = {isa = PBXFileReference; lastKnownFileType = image.png; path = 308N.png; sourceTree = "<group>"; };
		865F6A0A2AFF951700593105 /* 386N.png */ = {isa = PBXFileReference; lastKnownFileType = image.png; path = 386N.png; sourceTree = "<group>"; };
		865F6A0B2AFF951700593105 /* 200N.png */ = {isa = PBXFileReference; lastKnownFileType = image.png; path = 200N.png; sourceTree = "<group>"; };
		865F6A0C2AFF951700593105 /* 353N.png */ = {isa = PBXFileReference; lastKnownFileType = image.png; path = 353N.png; sourceTree = "<group>"; };
		865F6A0D2AFF951700593105 /* 305N.png */ = {isa = PBXFileReference; lastKnownFileType = image.png; path = 305N.png; sourceTree = "<group>"; };
		865F6A0E2AFF951700593105 /* 368N.png */ = {isa = PBXFileReference; lastKnownFileType = image.png; path = 368N.png; sourceTree = "<group>"; };
		865F6A0F2AFF951700593105 /* 329N.png */ = {isa = PBXFileReference; lastKnownFileType = image.png; path = 329N.png; sourceTree = "<group>"; };
		865F6A102AFF951700593105 /* 299N.png */ = {isa = PBXFileReference; lastKnownFileType = image.png; path = 299N.png; sourceTree = "<group>"; };
		865F6A112AFF951700593105 /* 260N.png */ = {isa = PBXFileReference; lastKnownFileType = image.png; path = 260N.png; sourceTree = "<group>"; };
		865F6A122AFF951700593105 /* 284N.png */ = {isa = PBXFileReference; lastKnownFileType = image.png; path = 284N.png; sourceTree = "<group>"; };
		865F6A132AFF951700593105 /* 338N.png */ = {isa = PBXFileReference; lastKnownFileType = image.png; path = 338N.png; sourceTree = "<group>"; };
		865F6A142AFF951700593105 /* 314N.png */ = {isa = PBXFileReference; lastKnownFileType = image.png; path = 314N.png; sourceTree = "<group>"; };
		865F6A152AFF951700593105 /* 302N.png */ = {isa = PBXFileReference; lastKnownFileType = image.png; path = 302N.png; sourceTree = "<group>"; };
		865F6A162AFF951700593105 /* 119N.png */ = {isa = PBXFileReference; lastKnownFileType = image.png; path = 119N.png; sourceTree = "<group>"; };
		865F6A172AFF951700593105 /* 230N.png */ = {isa = PBXFileReference; lastKnownFileType = image.png; path = 230N.png; sourceTree = "<group>"; };
		865F6A182AFF951700593105 /* 359N.png */ = {isa = PBXFileReference; lastKnownFileType = image.png; path = 359N.png; sourceTree = "<group>"; };
		865F6A192AFF951700593105 /* 122N.png */ = {isa = PBXFileReference; lastKnownFileType = image.png; path = 122N.png; sourceTree = "<group>"; };
		865F6A1A2AFF951700593105 /* 227N.png */ = {isa = PBXFileReference; lastKnownFileType = image.png; path = 227N.png; sourceTree = "<group>"; };
		865F6A1B2AFF951700593105 /* 362N.png */ = {isa = PBXFileReference; lastKnownFileType = image.png; path = 362N.png; sourceTree = "<group>"; };
		865F6A1C2AFF951700593105 /* 335N.png */ = {isa = PBXFileReference; lastKnownFileType = image.png; path = 335N.png; sourceTree = "<group>"; };
		865F6A1D2AFF951700593105 /* 266N.png */ = {isa = PBXFileReference; lastKnownFileType = image.png; path = 266N.png; sourceTree = "<group>"; };
		865F6A1E2AFF951700593105 /* 323N.png */ = {isa = PBXFileReference; lastKnownFileType = image.png; path = 323N.png; sourceTree = "<group>"; };
		865F6A1F2AFF951700593105 /* 374N.png */ = {isa = PBXFileReference; lastKnownFileType = image.png; path = 374N.png; sourceTree = "<group>"; };
		865F6A202AFF951700593105 /* 179N.png */ = {isa = PBXFileReference; lastKnownFileType = image.png; path = 179N.png; sourceTree = "<group>"; };
		865F6A212AFF951700593105 /* 293N.png */ = {isa = PBXFileReference; lastKnownFileType = image.png; path = 293N.png; sourceTree = "<group>"; };
		865F6A222AFF951700593105 /* 143N.png */ = {isa = PBXFileReference; lastKnownFileType = image.png; path = 143N.png; sourceTree = "<group>"; };
		867EF88A2AE1821D0064562C /* Model.swift */ = {isa = PBXFileReference; lastKnownFileType = sourcecode.swift; path = Model.swift; sourceTree = "<group>"; };
		867EF8902AE271B00064562C /* WeatherService.swift */ = {isa = PBXFileReference; lastKnownFileType = sourcecode.swift; path = WeatherService.swift; sourceTree = "<group>"; };
		867EF8922AE39C3F0064562C /* AdaptiveLayoutHelper.swift */ = {isa = PBXFileReference; fileEncoding = 4; lastKnownFileType = sourcecode.swift; path = AdaptiveLayoutHelper.swift; sourceTree = "<group>"; };
		867EF8952AE39C5D0064562C /* Dimension.swift */ = {isa = PBXFileReference; fileEncoding = 4; lastKnownFileType = sourcecode.swift; path = Dimension.swift; sourceTree = "<group>"; };
		867EF8962AE39C5D0064562C /* Device.swift */ = {isa = PBXFileReference; fileEncoding = 4; lastKnownFileType = sourcecode.swift; path = Device.swift; sourceTree = "<group>"; };
		867EF8972AE39C5D0064562C /* Font.swift */ = {isa = PBXFileReference; fileEncoding = 4; lastKnownFileType = sourcecode.swift; path = Font.swift; sourceTree = "<group>"; };
		867EF89D2AE39CB20064562C /* CGFloatExtension.swift */ = {isa = PBXFileReference; fileEncoding = 4; lastKnownFileType = sourcecode.swift; path = CGFloatExtension.swift; sourceTree = "<group>"; };
		867EF89E2AE39CB20064562C /* UIViewExtension.swift */ = {isa = PBXFileReference; fileEncoding = 4; lastKnownFileType = sourcecode.swift; path = UIViewExtension.swift; sourceTree = "<group>"; };
		867EF8A32AE3A3E30064562C /* ArrayExtension.swift */ = {isa = PBXFileReference; lastKnownFileType = sourcecode.swift; path = ArrayExtension.swift; sourceTree = "<group>"; };
		867EF8A52AE3A6820064562C /* IntExtension.swift */ = {isa = PBXFileReference; lastKnownFileType = sourcecode.swift; path = IntExtension.swift; sourceTree = "<group>"; };
		867EF8A72AE3BD2B0064562C /* MasterViewController.swift */ = {isa = PBXFileReference; lastKnownFileType = sourcecode.swift; path = MasterViewController.swift; sourceTree = "<group>"; };
		868528BD2B183E200010C9EB /* 113N.png */ = {isa = PBXFileReference; lastKnownFileType = image.png; path = 113N.png; sourceTree = "<group>"; };
		868528BF2B1971AB0010C9EB /* CoreDataHelper.swift */ = {isa = PBXFileReference; lastKnownFileType = sourcecode.swift; path = CoreDataHelper.swift; sourceTree = "<group>"; };
		868528D22B1B371E0010C9EB /* Location.xcdatamodel */ = {isa = PBXFileReference; lastKnownFileType = wrapper.xcdatamodel; path = Location.xcdatamodel; sourceTree = "<group>"; };
		868528DA2B1B8ABA0010C9EB /* sky4.jpeg */ = {isa = PBXFileReference; lastKnownFileType = image.jpeg; path = sky4.jpeg; sourceTree = "<group>"; };
		868B6C162AEC0E92006610A9 /* FitUILabel.swift */ = {isa = PBXFileReference; lastKnownFileType = sourcecode.swift; path = FitUILabel.swift; sourceTree = "<group>"; };
		868B6C182AEC0EE3006610A9 /* UILabel+Extra.swift */ = {isa = PBXFileReference; lastKnownFileType = sourcecode.swift; path = "UILabel+Extra.swift"; sourceTree = "<group>"; };
		8695140E2B1D954F006B8D43 /* ContentViewModel+Extra.swift */ = {isa = PBXFileReference; lastKnownFileType = sourcecode.swift; path = "ContentViewModel+Extra.swift"; sourceTree = "<group>"; };
		869514102B20367E006B8D43 /* UIView+Extra.swift */ = {isa = PBXFileReference; lastKnownFileType = sourcecode.swift; path = "UIView+Extra.swift"; sourceTree = "<group>"; };
		869514122B20443D006B8D43 /* UItableView+Extra.swift */ = {isa = PBXFileReference; lastKnownFileType = sourcecode.swift; path = "UItableView+Extra.swift"; sourceTree = "<group>"; };
		869514182B2315F2006B8D43 /* sky3.jpeg */ = {isa = PBXFileReference; lastKnownFileType = image.jpeg; path = sky3.jpeg; sourceTree = "<group>"; };
		869AFB162B2C3FA90099D209 /* ForecastViewModel.swift */ = {isa = PBXFileReference; lastKnownFileType = sourcecode.swift; path = ForecastViewModel.swift; sourceTree = "<group>"; };
		869AFB182B2C3FC50099D209 /* HourlyForecastViewModel.swift */ = {isa = PBXFileReference; lastKnownFileType = sourcecode.swift; path = HourlyForecastViewModel.swift; sourceTree = "<group>"; };
		869AFB1A2B2C3FDE0099D209 /* TenDayForecastViewModel.swift */ = {isa = PBXFileReference; lastKnownFileType = sourcecode.swift; path = TenDayForecastViewModel.swift; sourceTree = "<group>"; };
		869AFB1F2B2C43B10099D209 /* WeatherCellViewModel.swift */ = {isa = PBXFileReference; lastKnownFileType = sourcecode.swift; path = WeatherCellViewModel.swift; sourceTree = "<group>"; };
		869AFB212B2C46A30099D209 /* GradientColorViewModel.swift */ = {isa = PBXFileReference; lastKnownFileType = sourcecode.swift; path = GradientColorViewModel.swift; sourceTree = "<group>"; };
		869AFB252B2D63300099D209 /* TimeHandler.swift */ = {isa = PBXFileReference; lastKnownFileType = sourcecode.swift; path = TimeHandler.swift; sourceTree = "<group>"; };
		869AFB272B2D642A0099D209 /* ImageHandler.swift */ = {isa = PBXFileReference; lastKnownFileType = sourcecode.swift; path = ImageHandler.swift; sourceTree = "<group>"; };
		869AFB302B31A6C80099D209 /* BottomAppBarViewModel.swift */ = {isa = PBXFileReference; lastKnownFileType = sourcecode.swift; path = BottomAppBarViewModel.swift; sourceTree = "<group>"; };
		869AFB342B355E160099D209 /* CardViewModelCreatorProtocol.swift */ = {isa = PBXFileReference; lastKnownFileType = sourcecode.swift; path = CardViewModelCreatorProtocol.swift; sourceTree = "<group>"; };
		869AFB382B355F070099D209 /* SubViewModelProtocol.swift */ = {isa = PBXFileReference; lastKnownFileType = sourcecode.swift; path = SubViewModelProtocol.swift; sourceTree = "<group>"; };
		869AFB3A2B355F660099D209 /* CardViewTenDayForecastViewModelCreator.swift */ = {isa = PBXFileReference; lastKnownFileType = sourcecode.swift; path = CardViewTenDayForecastViewModelCreator.swift; sourceTree = "<group>"; };
		869AFB3C2B355F9C0099D209 /* CardViewHourlyForecastViewModelCreator.swift */ = {isa = PBXFileReference; lastKnownFileType = sourcecode.swift; path = CardViewHourlyForecastViewModelCreator.swift; sourceTree = "<group>"; };
		869AFB3E2B355FCE0099D209 /* CardViewUVForecastViewModelCreator.swift */ = {isa = PBXFileReference; lastKnownFileType = sourcecode.swift; path = CardViewUVForecastViewModelCreator.swift; sourceTree = "<group>"; };
		869AFB402B3560170099D209 /* CardViewAstroForecastViewModelCreator.swift */ = {isa = PBXFileReference; lastKnownFileType = sourcecode.swift; path = CardViewAstroForecastViewModelCreator.swift; sourceTree = "<group>"; };
		869AFB422B37EB080099D209 /* CardViewWindForecastViewModelCreator.swift */ = {isa = PBXFileReference; lastKnownFileType = sourcecode.swift; path = CardViewWindForecastViewModelCreator.swift; sourceTree = "<group>"; };
		869AFB442B37ECB70099D209 /* CardViewPrecipiptationForecastViewModelCreator.swift */ = {isa = PBXFileReference; lastKnownFileType = sourcecode.swift; path = CardViewPrecipiptationForecastViewModelCreator.swift; sourceTree = "<group>"; };
		869AFB462B37F32B0099D209 /* CardViewFeelslikeForecastViewModelCreator.swift */ = {isa = PBXFileReference; lastKnownFileType = sourcecode.swift; path = CardViewFeelslikeForecastViewModelCreator.swift; sourceTree = "<group>"; };
		869AFB482B37F51B0099D209 /* CardViewVisForecastViewModelCreator.swift */ = {isa = PBXFileReference; lastKnownFileType = sourcecode.swift; path = CardViewVisForecastViewModelCreator.swift; sourceTree = "<group>"; };
		869AFB4A2B37F5CA0099D209 /* CardViewPresureForecastViewModelCreator.swift */ = {isa = PBXFileReference; lastKnownFileType = sourcecode.swift; path = CardViewPresureForecastViewModelCreator.swift; sourceTree = "<group>"; };
		869AFB502B3A96C40099D209 /* AlternativeViewModel.swift */ = {isa = PBXFileReference; lastKnownFileType = sourcecode.swift; path = AlternativeViewModel.swift; sourceTree = "<group>"; };
		869AFB542B3D2A930099D209 /* EditViewModel.swift */ = {isa = PBXFileReference; lastKnownFileType = sourcecode.swift; path = EditViewModel.swift; sourceTree = "<group>"; };
		869AFB562B3D414C0099D209 /* EditCellViewModel.swift */ = {isa = PBXFileReference; lastKnownFileType = sourcecode.swift; path = EditCellViewModel.swift; sourceTree = "<group>"; };
		869AFB582B429EC80099D209 /* CardViewHumidityForecastViewModel.swift */ = {isa = PBXFileReference; lastKnownFileType = sourcecode.swift; path = CardViewHumidityForecastViewModel.swift; sourceTree = "<group>"; };
		869AFB5C2B4524B70099D209 /* MasterCoordinator.swift */ = {isa = PBXFileReference; lastKnownFileType = sourcecode.swift; path = MasterCoordinator.swift; sourceTree = "<group>"; };
		869AFB5E2B4524CA0099D209 /* SearchCoordinator.swift */ = {isa = PBXFileReference; lastKnownFileType = sourcecode.swift; path = SearchCoordinator.swift; sourceTree = "<group>"; };
		869AFB602B4524E70099D209 /* RouterProtocol.swift */ = {isa = PBXFileReference; lastKnownFileType = sourcecode.swift; path = RouterProtocol.swift; sourceTree = "<group>"; };
		869AFB622B45517F0099D209 /* Router.swift */ = {isa = PBXFileReference; lastKnownFileType = sourcecode.swift; path = Router.swift; sourceTree = "<group>"; };
		869AFB642B45596B0099D209 /* AppCoordinator.swift */ = {isa = PBXFileReference; lastKnownFileType = sourcecode.swift; path = AppCoordinator.swift; sourceTree = "<group>"; };
		869AFB662B45599A0099D209 /* CoordinatorProtocol.swift */ = {isa = PBXFileReference; lastKnownFileType = sourcecode.swift; path = CoordinatorProtocol.swift; sourceTree = "<group>"; };
		869AFB682B4812D10099D209 /* ContentViewControllerCoordinator.swift */ = {isa = PBXFileReference; lastKnownFileType = sourcecode.swift; path = ContentViewControllerCoordinator.swift; sourceTree = "<group>"; };
		869DAE742AEA5FBC00152FCF /* String+Extra.swift */ = {isa = PBXFileReference; lastKnownFileType = sourcecode.swift; path = "String+Extra.swift"; sourceTree = "<group>"; };
		86C46BB92B12013900E8CC3E /* 302.png */ = {isa = PBXFileReference; lastKnownFileType = image.png; path = 302.png; sourceTree = "<group>"; };
		86C46BBB2B12064000E8CC3E /* SearchResultVC.swift */ = {isa = PBXFileReference; lastKnownFileType = sourcecode.swift; path = SearchResultVC.swift; sourceTree = "<group>"; };
		86C46BBF2B120C7300E8CC3E /* GMSPlacesClient+Extra.swift */ = {isa = PBXFileReference; lastKnownFileType = sourcecode.swift; path = "GMSPlacesClient+Extra.swift"; sourceTree = "<group>"; };
		86C46BC12B13399300E8CC3E /* SearchResultViewModel.swift */ = {isa = PBXFileReference; lastKnownFileType = sourcecode.swift; path = SearchResultViewModel.swift; sourceTree = "<group>"; };
		86C46BC42B148ACF00E8CC3E /* CustomVisualEffectView.swift */ = {isa = PBXFileReference; lastKnownFileType = sourcecode.swift; path = CustomVisualEffectView.swift; sourceTree = "<group>"; };
		86C46BC62B14926600E8CC3E /* AlternativeView.swift */ = {isa = PBXFileReference; lastKnownFileType = sourcecode.swift; path = AlternativeView.swift; sourceTree = "<group>"; };
		86C46BC82B14B3D200E8CC3E /* ContentViewController.swift */ = {isa = PBXFileReference; lastKnownFileType = sourcecode.swift; path = ContentViewController.swift; sourceTree = "<group>"; };
		86C46BCA2B15A0C400E8CC3E /* ContentViewControllerViewModel.swift */ = {isa = PBXFileReference; lastKnownFileType = sourcecode.swift; path = ContentViewControllerViewModel.swift; sourceTree = "<group>"; };
		86C46BD82B15F50800E8CC3E /* Location+CoreDataProperties.swift */ = {isa = PBXFileReference; fileEncoding = 4; lastKnownFileType = sourcecode.swift; path = "Location+CoreDataProperties.swift"; sourceTree = "<group>"; };
		86C46BD92B15F50800E8CC3E /* Location+CoreDataClass.swift */ = {isa = PBXFileReference; fileEncoding = 4; lastKnownFileType = sourcecode.swift; path = "Location+CoreDataClass.swift"; sourceTree = "<group>"; };
		86ED66512AF4A7D100BED0D5 /* ContentViewModel.swift */ = {isa = PBXFileReference; lastKnownFileType = sourcecode.swift; path = ContentViewModel.swift; sourceTree = "<group>"; };
		86ED66532AF4A7F000BED0D5 /* CardViewModel.swift */ = {isa = PBXFileReference; lastKnownFileType = sourcecode.swift; path = CardViewModel.swift; sourceTree = "<group>"; };
		86ED66552AF4A80A00BED0D5 /* HeaderContentViewModel.swift */ = {isa = PBXFileReference; lastKnownFileType = sourcecode.swift; path = HeaderContentViewModel.swift; sourceTree = "<group>"; };
		86ED66572AF4A82800BED0D5 /* BodyContentViewModel.swift */ = {isa = PBXFileReference; lastKnownFileType = sourcecode.swift; path = BodyContentViewModel.swift; sourceTree = "<group>"; };
		86ED66592AF4A83C00BED0D5 /* MasterViewModel.swift */ = {isa = PBXFileReference; lastKnownFileType = sourcecode.swift; path = MasterViewModel.swift; sourceTree = "<group>"; };
		86ED665B2AF6018600BED0D5 /* HourlyForecastView.swift */ = {isa = PBXFileReference; lastKnownFileType = sourcecode.swift; path = HourlyForecastView.swift; sourceTree = "<group>"; };
		86ED68AB2AF64CCA00BED0D5 /* rain-sky2.jpeg */ = {isa = PBXFileReference; lastKnownFileType = image.jpeg; path = "rain-sky2.jpeg"; sourceTree = "<group>"; };
		86ED68AD2AF653B500BED0D5 /* TenDayForecastView.swift */ = {isa = PBXFileReference; lastKnownFileType = sourcecode.swift; path = TenDayForecastView.swift; sourceTree = "<group>"; };
		86ED68AF2AF67B2F00BED0D5 /* blue-sky2.jpeg */ = {isa = PBXFileReference; lastKnownFileType = image.jpeg; path = "blue-sky2.jpeg"; sourceTree = "<group>"; };
		86ED68B12AF7850300BED0D5 /* ForecastView.swift */ = {isa = PBXFileReference; lastKnownFileType = sourcecode.swift; path = ForecastView.swift; sourceTree = "<group>"; };
		86ED68B32AF8EF0100BED0D5 /* SearchViewController.swift */ = {isa = PBXFileReference; lastKnownFileType = sourcecode.swift; path = SearchViewController.swift; sourceTree = "<group>"; };
		86ED68CB2AF9F0C500BED0D5 /* WeatherCell.swift */ = {isa = PBXFileReference; lastKnownFileType = sourcecode.swift; path = WeatherCell.swift; sourceTree = "<group>"; };
		86FE70052AEE4BF400E4BC1D /* BodyContentView.swift */ = {isa = PBXFileReference; lastKnownFileType = sourcecode.swift; path = BodyContentView.swift; sourceTree = "<group>"; };
		96507A61F81A03808727A305 /* Pods_Weather.framework */ = {isa = PBXFileReference; explicitFileType = wrapper.framework; includeInIndex = 0; path = Pods_Weather.framework; sourceTree = BUILT_PRODUCTS_DIR; };
		D8B60D1FABAAC2457C7DB861 /* Pods-Weather.debug.xcconfig */ = {isa = PBXFileReference; includeInIndex = 1; lastKnownFileType = text.xcconfig; name = "Pods-Weather.debug.xcconfig"; path = "Target Support Files/Pods-Weather/Pods-Weather.debug.xcconfig"; sourceTree = "<group>"; };
/* End PBXFileReference section */

/* Begin PBXFrameworksBuildPhase section */
		865462FB2AE1796B008E56A2 /* Frameworks */ = {
			isa = PBXFrameworksBuildPhase;
			buildActionMask = 2147483647;
			files = (
				8434B261537F25A536173518 /* Pods_Weather.framework in Frameworks */,
			);
			runOnlyForDeploymentPostprocessing = 0;
		};
/* End PBXFrameworksBuildPhase section */

/* Begin PBXGroup section */
		5E18DF8E8434C067D75C3048 /* Frameworks */ = {
			isa = PBXGroup;
			children = (
				96507A61F81A03808727A305 /* Pods_Weather.framework */,
			);
			name = Frameworks;
			sourceTree = "<group>";
		};
		860B54AE2FFC13798BEB6E6E /* Pods */ = {
			isa = PBXGroup;
			children = (
				D8B60D1FABAAC2457C7DB861 /* Pods-Weather.debug.xcconfig */,
				79EFCBC84E4F951CEB03AFEB /* Pods-Weather.release.xcconfig */,
			);
			path = Pods;
			sourceTree = "<group>";
		};
		8626F33F2AECF7D100E2F826 /* Resources */ = {
			isa = PBXGroup;
			children = (
				865F69912AFF951000593105 /* day */,
				865F69F22AFF951700593105 /* night */,
				86ED68AF2AF67B2F00BED0D5 /* blue-sky2.jpeg */,
				86ED68AB2AF64CCA00BED0D5 /* rain-sky2.jpeg */,
				868528DA2B1B8ABA0010C9EB /* sky4.jpeg */,
				863746192B0F0C9B00BC0384 /* sunrise.png */,
				869514182B2315F2006B8D43 /* sky3.jpeg */,
				863746182B0F0C9B00BC0384 /* sunset.png */,
			);
			path = Resources;
			sourceTree = "<group>";
		};
		865462F52AE1796B008E56A2 = {
			isa = PBXGroup;
			children = (
				865463002AE1796C008E56A2 /* Weather */,
				865462FF2AE1796B008E56A2 /* Products */,
				860B54AE2FFC13798BEB6E6E /* Pods */,
				5E18DF8E8434C067D75C3048 /* Frameworks */,
			);
			sourceTree = "<group>";
		};
		865462FF2AE1796B008E56A2 /* Products */ = {
			isa = PBXGroup;
			children = (
				865462FE2AE1796B008E56A2 /* Weather.app */,
			);
			name = Products;
			sourceTree = "<group>";
		};
		865463002AE1796C008E56A2 /* Weather */ = {
			isa = PBXGroup;
			children = (
				865463032AE1796C008E56A2 /* SceneDelegate.swift */,
				865463012AE1796C008E56A2 /* AppDelegate.swift */,
				869AFB5B2B4524520099D209 /* Router */,
				869AFB5A2B45243E0099D209 /* Coordinator */,
				865F6A532B008E5100593105 /* Location */,
				86ED68BA2AF8F98100BED0D5 /* SpriteFiles */,
				867EF8892AE180CE0064562C /* Helpers */,
				867EF8942AE39C5D0064562C /* Device */,
				867EF8882AE180B70064562C /* Model */,
				867EF8872AE180B10064562C /* ViewModel */,
				867EF8862AE180AB0064562C /* View */,
				8626F33F2AECF7D100E2F826 /* Resources */,
				8654630A2AE1796E008E56A2 /* Assets.xcassets */,
				8654630C2AE1796E008E56A2 /* LaunchScreen.storyboard */,
				8654630F2AE1796E008E56A2 /* Info.plist */,
			);
			path = Weather;
			sourceTree = "<group>";
		};
		865F69912AFF951000593105 /* day */ = {
			isa = PBXGroup;
			children = (
				865F69922AFF951000593105 /* 374.png */,
				865F69932AFF951000593105 /* 176.png */,
				865F69942AFF951000593105 /* 200.png */,
				865F69952AFF951000593105 /* 377.png */,
				865F69962AFF951000593105 /* 389.png */,
				865F69972AFF951000593105 /* 362.png */,
				865F69982AFF951000593105 /* 371.png */,
				865F69992AFF951000593105 /* 365.png */,
				865F699A2AFF951000593105 /* 359.png */,
				865F699B2AFF951000593105 /* 317.png */,
				865F699C2AFF951000593105 /* 263.png */,
				865F699E2AFF951000593105 /* 314.png */,
				865F699F2AFF951000593105 /* 116.png */,
				865F69A02AFF951000593105 /* 248.png */,
				865F69A12AFF951000593105 /* 260.png */,
				865F69A22AFF951000593105 /* 329.png */,
				865F69A32AFF951000593105 /* 305.png */,
				865F69A42AFF951000593105 /* 311.png */,
				865F69A52AFF951000593105 /* 113.png */,
				865F69A62AFF951000593105 /* 338.png */,
				865F69A72AFF951000593105 /* 266.png */,
				865F69A82AFF951000593105 /* 299.png */,
				865F69A92AFF951000593105 /* 281.png */,
				865F69AA2AFF951000593105 /* 323.png */,
				865F69AB2AFF951000593105 /* 335.png */,
				865F69AC2AFF951000593105 /* 296.png */,
				865F69AD2AFF951000593105 /* 122.png */,
				865F69AE2AFF951000593105 /* 320.png */,
				865F69AF2AFF951000593105 /* 308.png */,
				865F69B02AFF951000593105 /* 293.png */,
				865F69B12AFF951000593105 /* 119.png */,
				865F69B22AFF951000593105 /* 284.png */,
				86C46BB92B12013900E8CC3E /* 302.png */,
				865F69B32AFF951000593105 /* 326.png */,
				865F69B42AFF951000593105 /* 332.png */,
				865F69B52AFF951000593105 /* 143.png */,
				865F69B62AFF951000593105 /* 368.png */,
				865F69B72AFF951000593105 /* 356.png */,
				865F69B82AFF951000593105 /* 395.png */,
				865F69B92AFF951000593105 /* 182.png */,
				865F69BA2AFF951000593105 /* 353.png */,
				865F69BB2AFF951000593105 /* 179.png */,
				865F69BC2AFF951000593105 /* 227.png */,
				865F69BD2AFF951000593105 /* 350.png */,
				865F69BE2AFF951000593105 /* 185.png */,
				865F69BF2AFF951000593105 /* 230.png */,
				865F69C02AFF951000593105 /* 386.png */,
				865F69C12AFF951000593105 /* 392.png */,
			);
			name = day;
			path = ../../../../../Downloads/weather/64x64/day;
			sourceTree = "<group>";
		};
		865F69F22AFF951700593105 /* night */ = {
			isa = PBXGroup;
			children = (
				865F69F32AFF951700593105 /* 176N.png */,
				865F69F42AFF951700593105 /* 320N.png */,
				865F69F52AFF951700593105 /* 377N.png */,
				865F69F62AFF951700593105 /* 248N.png */,
				865F69F72AFF951700593105 /* 395N.png */,
				865F69F82AFF951700593105 /* 116N.png */,
				865F69F92AFF951700593105 /* 317N.png */,
				865F69FA2AFF951700593105 /* 356N.png */,
				868528BD2B183E200010C9EB /* 113N.png */,
				865F69FB2AFF951700593105 /* 182N.png */,
				865F69FC2AFF951700593105 /* 326N.png */,
				865F69FD2AFF951700593105 /* 263N.png */,
				865F69FE2AFF951700593105 /* 371N.png */,
				865F69FF2AFF951700593105 /* 185N.png */,
				865F6A002AFF951700593105 /* 296N.png */,
				865F6A012AFF951700593105 /* 392N.png */,
				865F6A022AFF951700593105 /* 281N.png */,
				865F6A032AFF951700593105 /* 311N.png */,
				865F6A042AFF951700593105 /* 350N.png */,
				865F6A052AFF951700593105 /* 389N.png */,
				865F6A062AFF951700593105 /* 332N.png */,
				865F6A072AFF951700593105 /* 365N.png */,
				865F6A082AFF951700593105 /* 308N.png */,
				865F6A0A2AFF951700593105 /* 386N.png */,
				865F6A0B2AFF951700593105 /* 200N.png */,
				865F6A0C2AFF951700593105 /* 353N.png */,
				865F6A0D2AFF951700593105 /* 305N.png */,
				865F6A0E2AFF951700593105 /* 368N.png */,
				865F6A0F2AFF951700593105 /* 329N.png */,
				865F6A102AFF951700593105 /* 299N.png */,
				865F6A112AFF951700593105 /* 260N.png */,
				865F6A122AFF951700593105 /* 284N.png */,
				865F6A132AFF951700593105 /* 338N.png */,
				865F6A142AFF951700593105 /* 314N.png */,
				865F6A152AFF951700593105 /* 302N.png */,
				865F6A162AFF951700593105 /* 119N.png */,
				865F6A172AFF951700593105 /* 230N.png */,
				865F6A182AFF951700593105 /* 359N.png */,
				865F6A192AFF951700593105 /* 122N.png */,
				865F6A1A2AFF951700593105 /* 227N.png */,
				865F6A1B2AFF951700593105 /* 362N.png */,
				865F6A1C2AFF951700593105 /* 335N.png */,
				865F6A1D2AFF951700593105 /* 266N.png */,
				865F6A1E2AFF951700593105 /* 323N.png */,
				865F6A1F2AFF951700593105 /* 374N.png */,
				865F6A202AFF951700593105 /* 179N.png */,
				865F6A212AFF951700593105 /* 293N.png */,
				865F6A222AFF951700593105 /* 143N.png */,
			);
			path = night;
			sourceTree = "<group>";
		};
		865F6A532B008E5100593105 /* Location */ = {
			isa = PBXGroup;
			children = (
				86C46BD82B15F50800E8CC3E /* Location+CoreDataProperties.swift */,
				86C46BD92B15F50800E8CC3E /* Location+CoreDataClass.swift */,
				868528D12B1B371E0010C9EB /* Location.xcdatamodeld */,
			);
			path = Location;
			sourceTree = "<group>";
		};
		867EF8862AE180AB0064562C /* View */ = {
			isa = PBXGroup;
			children = (
				869AFB152B2C3DD60099D209 /* MasterView */,
				86C46BC32B145E2C00E8CC3E /* ForecastView */,
				86ED68B52AF8EF0800BED0D5 /* SearchView */,
			);
			path = View;
			sourceTree = "<group>";
		};
		867EF8872AE180B10064562C /* ViewModel */ = {
			isa = PBXGroup;
			children = (
				869AFB372B355EBE0099D209 /* SubViewModelProtocol */,
				869AFB362B355E9F0099D209 /* ViewModelConcreteCreator */,
				869AFB332B355DE10099D209 /* ViewModelCreatorProtocol */,
				869AFB1E2B2C40410099D209 /* Search */,
				869AFB1D2B2C400B0099D209 /* Master */,
				869AFB1C2B2C3FFB0099D209 /* Forecast */,
			);
			path = ViewModel;
			sourceTree = "<group>";
		};
		867EF8882AE180B70064562C /* Model */ = {
			isa = PBXGroup;
			children = (
				867EF88A2AE1821D0064562C /* Model.swift */,
			);
			path = Model;
			sourceTree = "<group>";
		};
		867EF8892AE180CE0064562C /* Helpers */ = {
			isa = PBXGroup;
			children = (
				867EF8A22AE39DC50064562C /* Network */,
				867EF8A12AE39CEF0064562C /* AdaptiveLayout */,
				863FA7112AE57B5F000229CB /* Constant.swift */,
				869DAE742AEA5FBC00152FCF /* String+Extra.swift */,
				868B6C162AEC0E92006610A9 /* FitUILabel.swift */,
				868B6C182AEC0EE3006610A9 /* UILabel+Extra.swift */,
				865F68822AFCDC1300593105 /* UIImage + Extra.swift */,
				863530CF2B0728B000B7DD45 /* Publisher+Extra.swift */,
				86C46BBF2B120C7300E8CC3E /* GMSPlacesClient+Extra.swift */,
				86C46BC42B148ACF00E8CC3E /* CustomVisualEffectView.swift */,
				868528BF2B1971AB0010C9EB /* CoreDataHelper.swift */,
				8695140E2B1D954F006B8D43 /* ContentViewModel+Extra.swift */,
				869514102B20367E006B8D43 /* UIView+Extra.swift */,
				869514122B20443D006B8D43 /* UItableView+Extra.swift */,
				869AFB252B2D63300099D209 /* TimeHandler.swift */,
				869AFB272B2D642A0099D209 /* ImageHandler.swift */,
			);
			path = Helpers;
			sourceTree = "<group>";
		};
		867EF8942AE39C5D0064562C /* Device */ = {
			isa = PBXGroup;
			children = (
				867EF8952AE39C5D0064562C /* Dimension.swift */,
				867EF8962AE39C5D0064562C /* Device.swift */,
			);
			path = Device;
			sourceTree = "<group>";
		};
		867EF8A12AE39CEF0064562C /* AdaptiveLayout */ = {
			isa = PBXGroup;
			children = (
				867EF8922AE39C3F0064562C /* AdaptiveLayoutHelper.swift */,
				867EF89E2AE39CB20064562C /* UIViewExtension.swift */,
				867EF89D2AE39CB20064562C /* CGFloatExtension.swift */,
				867EF8A32AE3A3E30064562C /* ArrayExtension.swift */,
				867EF8A52AE3A6820064562C /* IntExtension.swift */,
				867EF8972AE39C5D0064562C /* Font.swift */,
			);
			path = AdaptiveLayout;
			sourceTree = "<group>";
		};
		867EF8A22AE39DC50064562C /* Network */ = {
			isa = PBXGroup;
			children = (
				867EF8902AE271B00064562C /* WeatherService.swift */,
			);
			path = Network;
			sourceTree = "<group>";
		};
		869AFB152B2C3DD60099D209 /* MasterView */ = {
			isa = PBXGroup;
			children = (
				867EF8A72AE3BD2B0064562C /* MasterViewController.swift */,
				863FA70D2AE51106000229CB /* ContentView.swift */,
				863FA70F2AE51246000229CB /* BottomAppBarView.swift */,
				863FA7132AE63679000229CB /* CardView.swift */,
				8626F3402AECFB4100E2F826 /* HeaderContentView.swift */,
				86FE70052AEE4BF400E4BC1D /* BodyContentView.swift */,
				86C46BC62B14926600E8CC3E /* AlternativeView.swift */,
			);
			path = MasterView;
			sourceTree = "<group>";
		};
		869AFB1C2B2C3FFB0099D209 /* Forecast */ = {
			isa = PBXGroup;
			children = (
				869AFB162B2C3FA90099D209 /* ForecastViewModel.swift */,
				869AFB182B2C3FC50099D209 /* HourlyForecastViewModel.swift */,
				869AFB1A2B2C3FDE0099D209 /* TenDayForecastViewModel.swift */,
				869AFB212B2C46A30099D209 /* GradientColorViewModel.swift */,
			);
			path = Forecast;
			sourceTree = "<group>";
		};
		869AFB1D2B2C400B0099D209 /* Master */ = {
			isa = PBXGroup;
			children = (
				86ED66552AF4A80A00BED0D5 /* HeaderContentViewModel.swift */,
				86ED66572AF4A82800BED0D5 /* BodyContentViewModel.swift */,
				86ED66512AF4A7D100BED0D5 /* ContentViewModel.swift */,
				86ED66532AF4A7F000BED0D5 /* CardViewModel.swift */,
				86ED66592AF4A83C00BED0D5 /* MasterViewModel.swift */,
				869AFB302B31A6C80099D209 /* BottomAppBarViewModel.swift */,
				869AFB502B3A96C40099D209 /* AlternativeViewModel.swift */,
			);
			path = Master;
			sourceTree = "<group>";
		};
		869AFB1E2B2C40410099D209 /* Search */ = {
			isa = PBXGroup;
			children = (
				865F687E2AFB7B4300593105 /* SearchViewControllerViewModel.swift */,
				86C46BC12B13399300E8CC3E /* SearchResultViewModel.swift */,
				86C46BCA2B15A0C400E8CC3E /* ContentViewControllerViewModel.swift */,
				869AFB1F2B2C43B10099D209 /* WeatherCellViewModel.swift */,
				869AFB542B3D2A930099D209 /* EditViewModel.swift */,
				869AFB562B3D414C0099D209 /* EditCellViewModel.swift */,
			);
			path = Search;
			sourceTree = "<group>";
		};
		869AFB332B355DE10099D209 /* ViewModelCreatorProtocol */ = {
			isa = PBXGroup;
			children = (
				869AFB342B355E160099D209 /* CardViewModelCreatorProtocol.swift */,
			);
			path = ViewModelCreatorProtocol;
			sourceTree = "<group>";
		};
		869AFB362B355E9F0099D209 /* ViewModelConcreteCreator */ = {
			isa = PBXGroup;
			children = (
				869AFB3A2B355F660099D209 /* CardViewTenDayForecastViewModelCreator.swift */,
				869AFB3C2B355F9C0099D209 /* CardViewHourlyForecastViewModelCreator.swift */,
				869AFB3E2B355FCE0099D209 /* CardViewUVForecastViewModelCreator.swift */,
				869AFB402B3560170099D209 /* CardViewAstroForecastViewModelCreator.swift */,
				869AFB422B37EB080099D209 /* CardViewWindForecastViewModelCreator.swift */,
				869AFB442B37ECB70099D209 /* CardViewPrecipiptationForecastViewModelCreator.swift */,
				869AFB462B37F32B0099D209 /* CardViewFeelslikeForecastViewModelCreator.swift */,
				869AFB482B37F51B0099D209 /* CardViewVisForecastViewModelCreator.swift */,
				869AFB4A2B37F5CA0099D209 /* CardViewPresureForecastViewModelCreator.swift */,
				869AFB582B429EC80099D209 /* CardViewHumidityForecastViewModel.swift */,
			);
			path = ViewModelConcreteCreator;
			sourceTree = "<group>";
		};
		869AFB372B355EBE0099D209 /* SubViewModelProtocol */ = {
			isa = PBXGroup;
			children = (
				869AFB382B355F070099D209 /* SubViewModelProtocol.swift */,
			);
			path = SubViewModelProtocol;
			sourceTree = "<group>";
		};
		869AFB5A2B45243E0099D209 /* Coordinator */ = {
			isa = PBXGroup;
			children = (
				869AFB5C2B4524B70099D209 /* MasterCoordinator.swift */,
				869AFB5E2B4524CA0099D209 /* SearchCoordinator.swift */,
				869AFB642B45596B0099D209 /* AppCoordinator.swift */,
				869AFB662B45599A0099D209 /* CoordinatorProtocol.swift */,
				869AFB682B4812D10099D209 /* ContentViewControllerCoordinator.swift */,
			);
			path = Coordinator;
			sourceTree = "<group>";
		};
		869AFB5B2B4524520099D209 /* Router */ = {
			isa = PBXGroup;
			children = (
				869AFB602B4524E70099D209 /* RouterProtocol.swift */,
				869AFB622B45517F0099D209 /* Router.swift */,
			);
			path = Router;
			sourceTree = "<group>";
		};
		86C46BC32B145E2C00E8CC3E /* ForecastView */ = {
			isa = PBXGroup;
			children = (
				8639BAD62B11B8EF005C8E03 /* GradientColorView.swift */,
				86ED665B2AF6018600BED0D5 /* HourlyForecastView.swift */,
				86ED68AD2AF653B500BED0D5 /* TenDayForecastView.swift */,
				86ED68B12AF7850300BED0D5 /* ForecastView.swift */,
			);
			path = ForecastView;
			sourceTree = "<group>";
		};
		86ED68B52AF8EF0800BED0D5 /* SearchView */ = {
			isa = PBXGroup;
			children = (
				86ED68B32AF8EF0100BED0D5 /* SearchViewController.swift */,
				86ED68CB2AF9F0C500BED0D5 /* WeatherCell.swift */,
				865F687C2AFB7A6400593105 /* EditView.swift */,
				86C46BBB2B12064000E8CC3E /* SearchResultVC.swift */,
				86C46BC82B14B3D200E8CC3E /* ContentViewController.swift */,
			);
			path = SearchView;
			sourceTree = "<group>";
		};
		86ED68BA2AF8F98100BED0D5 /* SpriteFiles */ = {
			isa = PBXGroup;
			children = (
			);
			path = SpriteFiles;
			sourceTree = "<group>";
		};
/* End PBXGroup section */

/* Begin PBXNativeTarget section */
		865462FD2AE1796B008E56A2 /* Weather */ = {
			isa = PBXNativeTarget;
			buildConfigurationList = 865463122AE1796E008E56A2 /* Build configuration list for PBXNativeTarget "Weather" */;
			buildPhases = (
				5E1CD049DF1845B77DD04E26 /* [CP] Check Pods Manifest.lock */,
				865462FA2AE1796B008E56A2 /* Sources */,
				865462FB2AE1796B008E56A2 /* Frameworks */,
				865462FC2AE1796B008E56A2 /* Resources */,
				430A5745A851EA19881A9DFE /* [CP] Embed Pods Frameworks */,
				C872E95BF4D2EC2625EC18B6 /* [CP] Copy Pods Resources */,
			);
			buildRules = (
			);
			dependencies = (
			);
			name = Weather;
			productName = Weather;
			productReference = 865462FE2AE1796B008E56A2 /* Weather.app */;
			productType = "com.apple.product-type.application";
		};
/* End PBXNativeTarget section */

/* Begin PBXProject section */
		865462F62AE1796B008E56A2 /* Project object */ = {
			isa = PBXProject;
			attributes = {
				BuildIndependentTargetsInParallel = 1;
				LastSwiftUpdateCheck = 1500;
				LastUpgradeCheck = 1500;
				TargetAttributes = {
					865462FD2AE1796B008E56A2 = {
						CreatedOnToolsVersion = 15.0;
					};
				};
			};
			buildConfigurationList = 865462F92AE1796B008E56A2 /* Build configuration list for PBXProject "Weather" */;
			compatibilityVersion = "Xcode 14.0";
			developmentRegion = en;
			hasScannedForEncodings = 0;
			knownRegions = (
				en,
				Base,
			);
			mainGroup = 865462F52AE1796B008E56A2;
			productRefGroup = 865462FF2AE1796B008E56A2 /* Products */;
			projectDirPath = "";
			projectRoot = "";
			targets = (
				865462FD2AE1796B008E56A2 /* Weather */,
			);
		};
/* End PBXProject section */

/* Begin PBXResourcesBuildPhase section */
		865462FC2AE1796B008E56A2 /* Resources */ = {
			isa = PBXResourcesBuildPhase;
			buildActionMask = 2147483647;
			files = (
				865F6A2A2AFF951700593105 /* 356N.png in Resources */,
				865F69EE2AFF951000593105 /* 185.png in Resources */,
				865F69E52AFF951000593105 /* 143.png in Resources */,
				865F69D82AFF951000593105 /* 299.png in Resources */,
				865F69D22AFF951000593105 /* 329.png in Resources */,
				865F6A3D2AFF951700593105 /* 305N.png in Resources */,
				865F69E62AFF951000593105 /* 368.png in Resources */,
				865F6A502AFF951700593105 /* 179N.png in Resources */,
				868528DB2B1B8ABA0010C9EB /* sky4.jpeg in Resources */,
				865F6A4F2AFF951700593105 /* 374N.png in Resources */,
				865F6A432AFF951700593105 /* 338N.png in Resources */,
				865F69D12AFF951000593105 /* 260.png in Resources */,
				865F6A482AFF951700593105 /* 359N.png in Resources */,
				865F69E12AFF951000593105 /* 119.png in Resources */,
				865F69C22AFF951000593105 /* 374.png in Resources */,
				865F69D32AFF951000593105 /* 305.png in Resources */,
				865F69D62AFF951000593105 /* 338.png in Resources */,
				865F69ED2AFF951000593105 /* 350.png in Resources */,
				865F69DB2AFF951000593105 /* 335.png in Resources */,
				865F6A492AFF951700593105 /* 122N.png in Resources */,
				865F69EF2AFF951000593105 /* 230.png in Resources */,
				865F69E02AFF951000593105 /* 293.png in Resources */,
				865F6A322AFF951700593105 /* 281N.png in Resources */,
				8637461A2B0F0C9B00BC0384 /* sunset.png in Resources */,
				865F69CE2AFF951000593105 /* 314.png in Resources */,
				865F69CF2AFF951000593105 /* 116.png in Resources */,
				865F69E92AFF951000593105 /* 182.png in Resources */,
				865F6A422AFF951700593105 /* 284N.png in Resources */,
				865F6A512AFF951700593105 /* 293N.png in Resources */,
				86ED68B02AF67B3000BED0D5 /* blue-sky2.jpeg in Resources */,
				865F69DC2AFF951000593105 /* 296.png in Resources */,
				865F6A292AFF951700593105 /* 317N.png in Resources */,
				865F6A382AFF951700593105 /* 308N.png in Resources */,
				865F69CB2AFF951000593105 /* 317.png in Resources */,
				865F69DF2AFF951000593105 /* 308.png in Resources */,
				865F6A352AFF951700593105 /* 389N.png in Resources */,
				865F6A3B2AFF951700593105 /* 200N.png in Resources */,
				865F6A412AFF951700593105 /* 260N.png in Resources */,
				865F69EB2AFF951000593105 /* 179.png in Resources */,
				865F69CC2AFF951000593105 /* 263.png in Resources */,
				865F6A4B2AFF951700593105 /* 362N.png in Resources */,
				865F69EC2AFF951000593105 /* 227.png in Resources */,
				865F6A302AFF951700593105 /* 296N.png in Resources */,
				865F6A522AFF951700593105 /* 143N.png in Resources */,
				865F69C72AFF951000593105 /* 362.png in Resources */,
				865F69EA2AFF951000593105 /* 353.png in Resources */,
				865F69C42AFF951000593105 /* 200.png in Resources */,
				865F6A2D2AFF951700593105 /* 263N.png in Resources */,
				865F6A262AFF951700593105 /* 248N.png in Resources */,
				865F69D02AFF951000593105 /* 248.png in Resources */,
				865F69C82AFF951000593105 /* 371.png in Resources */,
				865F69C92AFF951000593105 /* 365.png in Resources */,
				8637461B2B0F0C9B00BC0384 /* sunrise.png in Resources */,
				865F69DA2AFF951000593105 /* 323.png in Resources */,
				865F6A472AFF951700593105 /* 230N.png in Resources */,
				865F6A2B2AFF951700593105 /* 182N.png in Resources */,
				865F6A2C2AFF951700593105 /* 326N.png in Resources */,
				865F69E42AFF951000593105 /* 332.png in Resources */,
				865F69E72AFF951000593105 /* 356.png in Resources */,
				865F6A402AFF951700593105 /* 299N.png in Resources */,
				865F6A252AFF951700593105 /* 377N.png in Resources */,
				865F6A342AFF951700593105 /* 350N.png in Resources */,
				865F69E82AFF951000593105 /* 395.png in Resources */,
				8654630E2AE1796E008E56A2 /* LaunchScreen.storyboard in Resources */,
				865F69D92AFF951000593105 /* 281.png in Resources */,
				865F6A312AFF951700593105 /* 392N.png in Resources */,
				865F69C62AFF951000593105 /* 389.png in Resources */,
				865F6A4E2AFF951700593105 /* 323N.png in Resources */,
				865F6A3C2AFF951700593105 /* 353N.png in Resources */,
				865F6A272AFF951700593105 /* 395N.png in Resources */,
				86ED68AC2AF64CCA00BED0D5 /* rain-sky2.jpeg in Resources */,
				865F69CA2AFF951000593105 /* 359.png in Resources */,
				865F6A2E2AFF951700593105 /* 371N.png in Resources */,
				865F6A4A2AFF951700593105 /* 227N.png in Resources */,
				865F6A332AFF951700593105 /* 311N.png in Resources */,
				865F6A362AFF951700593105 /* 332N.png in Resources */,
				865F69DE2AFF951000593105 /* 320.png in Resources */,
				865F69C32AFF951000593105 /* 176.png in Resources */,
				865F6A442AFF951700593105 /* 314N.png in Resources */,
				865F6A3E2AFF951700593105 /* 368N.png in Resources */,
				86C46BBA2B12013900E8CC3E /* 302.png in Resources */,
				865F69E22AFF951000593105 /* 284.png in Resources */,
				865F6A452AFF951700593105 /* 302N.png in Resources */,
				865F6A3A2AFF951700593105 /* 386N.png in Resources */,
				865F6A462AFF951700593105 /* 119N.png in Resources */,
				865F69F02AFF951000593105 /* 386.png in Resources */,
				868528BE2B183E200010C9EB /* 113N.png in Resources */,
				8654630B2AE1796E008E56A2 /* Assets.xcassets in Resources */,
				865F6A4C2AFF951700593105 /* 335N.png in Resources */,
				865F6A4D2AFF951700593105 /* 266N.png in Resources */,
				865F6A232AFF951700593105 /* 176N.png in Resources */,
				865F6A242AFF951700593105 /* 320N.png in Resources */,
				865F69E32AFF951000593105 /* 326.png in Resources */,
				865F6A2F2AFF951700593105 /* 185N.png in Resources */,
				865F6A372AFF951700593105 /* 365N.png in Resources */,
				869514192B2315F2006B8D43 /* sky3.jpeg in Resources */,
				865F6A3F2AFF951700593105 /* 329N.png in Resources */,
				865F69F12AFF951000593105 /* 392.png in Resources */,
				865F6A282AFF951700593105 /* 116N.png in Resources */,
				865F69C52AFF951000593105 /* 377.png in Resources */,
				865F69DD2AFF951000593105 /* 122.png in Resources */,
				865F69D52AFF951000593105 /* 113.png in Resources */,
				865F69D72AFF951000593105 /* 266.png in Resources */,
				865F69D42AFF951000593105 /* 311.png in Resources */,
			);
			runOnlyForDeploymentPostprocessing = 0;
		};
/* End PBXResourcesBuildPhase section */

/* Begin PBXShellScriptBuildPhase section */
		430A5745A851EA19881A9DFE /* [CP] Embed Pods Frameworks */ = {
			isa = PBXShellScriptBuildPhase;
			buildActionMask = 2147483647;
			files = (
			);
			inputFileListPaths = (
				"${PODS_ROOT}/Target Support Files/Pods-Weather/Pods-Weather-frameworks-${CONFIGURATION}-input-files.xcfilelist",
			);
			name = "[CP] Embed Pods Frameworks";
			outputFileListPaths = (
				"${PODS_ROOT}/Target Support Files/Pods-Weather/Pods-Weather-frameworks-${CONFIGURATION}-output-files.xcfilelist",
			);
			runOnlyForDeploymentPostprocessing = 0;
			shellPath = /bin/sh;
			shellScript = "\"${PODS_ROOT}/Target Support Files/Pods-Weather/Pods-Weather-frameworks.sh\"\n";
			showEnvVarsInLog = 0;
		};
		5E1CD049DF1845B77DD04E26 /* [CP] Check Pods Manifest.lock */ = {
			isa = PBXShellScriptBuildPhase;
			buildActionMask = 2147483647;
			files = (
			);
			inputFileListPaths = (
			);
			inputPaths = (
				"${PODS_PODFILE_DIR_PATH}/Podfile.lock",
				"${PODS_ROOT}/Manifest.lock",
			);
			name = "[CP] Check Pods Manifest.lock";
			outputFileListPaths = (
			);
			outputPaths = (
				"$(DERIVED_FILE_DIR)/Pods-Weather-checkManifestLockResult.txt",
			);
			runOnlyForDeploymentPostprocessing = 0;
			shellPath = /bin/sh;
			shellScript = "diff \"${PODS_PODFILE_DIR_PATH}/Podfile.lock\" \"${PODS_ROOT}/Manifest.lock\" > /dev/null\nif [ $? != 0 ] ; then\n    # print error to STDERR\n    echo \"error: The sandbox is not in sync with the Podfile.lock. Run 'pod install' or update your CocoaPods installation.\" >&2\n    exit 1\nfi\n# This output is used by Xcode 'outputs' to avoid re-running this script phase.\necho \"SUCCESS\" > \"${SCRIPT_OUTPUT_FILE_0}\"\n";
			showEnvVarsInLog = 0;
		};
		C872E95BF4D2EC2625EC18B6 /* [CP] Copy Pods Resources */ = {
			isa = PBXShellScriptBuildPhase;
			buildActionMask = 2147483647;
			files = (
			);
			inputFileListPaths = (
				"${PODS_ROOT}/Target Support Files/Pods-Weather/Pods-Weather-resources-${CONFIGURATION}-input-files.xcfilelist",
			);
			name = "[CP] Copy Pods Resources";
			outputFileListPaths = (
				"${PODS_ROOT}/Target Support Files/Pods-Weather/Pods-Weather-resources-${CONFIGURATION}-output-files.xcfilelist",
			);
			runOnlyForDeploymentPostprocessing = 0;
			shellPath = /bin/sh;
			shellScript = "\"${PODS_ROOT}/Target Support Files/Pods-Weather/Pods-Weather-resources.sh\"\n";
			showEnvVarsInLog = 0;
		};
/* End PBXShellScriptBuildPhase section */

/* Begin PBXSourcesBuildPhase section */
		865462FA2AE1796B008E56A2 /* Sources */ = {
			isa = PBXSourcesBuildPhase;
			buildActionMask = 2147483647;
			files = (
				86C46BDA2B15F50900E8CC3E /* Location+CoreDataProperties.swift in Sources */,
				867EF8982AE39C5D0064562C /* Dimension.swift in Sources */,
				869AFB472B37F32B0099D209 /* CardViewFeelslikeForecastViewModelCreator.swift in Sources */,
				86ED68CC2AF9F0C500BED0D5 /* WeatherCell.swift in Sources */,
				867EF8A82AE3BD2C0064562C /* MasterViewController.swift in Sources */,
				869AFB432B37EB080099D209 /* CardViewWindForecastViewModelCreator.swift in Sources */,
				863FA70E2AE51106000229CB /* ContentView.swift in Sources */,
				8626F3412AECFB4100E2F826 /* HeaderContentView.swift in Sources */,
				869AFB5F2B4524CA0099D209 /* SearchCoordinator.swift in Sources */,
				869AFB282B2D642A0099D209 /* ImageHandler.swift in Sources */,
				868B6C192AEC0EE3006610A9 /* UILabel+Extra.swift in Sources */,
				869AFB492B37F51B0099D209 /* CardViewVisForecastViewModelCreator.swift in Sources */,
				869DAE752AEA5FBC00152FCF /* String+Extra.swift in Sources */,
				869AFB3D2B355F9C0099D209 /* CardViewHourlyForecastViewModelCreator.swift in Sources */,
				869AFB1B2B2C3FDE0099D209 /* TenDayForecastViewModel.swift in Sources */,
				867EF89A2AE39C5D0064562C /* Font.swift in Sources */,
				869AFB4B2B37F5CA0099D209 /* CardViewPresureForecastViewModelCreator.swift in Sources */,
				869AFB172B2C3FA90099D209 /* ForecastViewModel.swift in Sources */,
				865463022AE1796C008E56A2 /* AppDelegate.swift in Sources */,
				86ED66542AF4A7F000BED0D5 /* CardViewModel.swift in Sources */,
				869AFB352B355E160099D209 /* CardViewModelCreatorProtocol.swift in Sources */,
				869AFB452B37ECB70099D209 /* CardViewPrecipiptationForecastViewModelCreator.swift in Sources */,
				8639BAD72B11B8EF005C8E03 /* GradientColorView.swift in Sources */,
				863FA7102AE51246000229CB /* BottomAppBarView.swift in Sources */,
				865F68832AFCDC1300593105 /* UIImage + Extra.swift in Sources */,
				869AFB552B3D2A930099D209 /* EditViewModel.swift in Sources */,
				869AFB192B2C3FC50099D209 /* HourlyForecastViewModel.swift in Sources */,
				86C46BCB2B15A0C400E8CC3E /* ContentViewControllerViewModel.swift in Sources */,
				865F687D2AFB7A6400593105 /* EditView.swift in Sources */,
				869514132B20443D006B8D43 /* UItableView+Extra.swift in Sources */,
				86C46BC52B148ACF00E8CC3E /* CustomVisualEffectView.swift in Sources */,
				869AFB3B2B355F660099D209 /* CardViewTenDayForecastViewModelCreator.swift in Sources */,
				86ED66562AF4A80A00BED0D5 /* HeaderContentViewModel.swift in Sources */,
				869AFB412B3560170099D209 /* CardViewAstroForecastViewModelCreator.swift in Sources */,
				869AFB692B4812D10099D209 /* ContentViewControllerCoordinator.swift in Sources */,
				86C46BC92B14B3D200E8CC3E /* ContentViewController.swift in Sources */,
				86ED66522AF4A7D100BED0D5 /* ContentViewModel.swift in Sources */,
				86ED68B42AF8EF0100BED0D5 /* SearchViewController.swift in Sources */,
				869AFB652B45596B0099D209 /* AppCoordinator.swift in Sources */,
				863FA7142AE63679000229CB /* CardView.swift in Sources */,
				86C46BC02B120C7300E8CC3E /* GMSPlacesClient+Extra.swift in Sources */,
				867EF8992AE39C5D0064562C /* Device.swift in Sources */,
				868528C02B1971AB0010C9EB /* CoreDataHelper.swift in Sources */,
				869AFB672B45599A0099D209 /* CoordinatorProtocol.swift in Sources */,
				86ED665C2AF6018600BED0D5 /* HourlyForecastView.swift in Sources */,
				867EF8932AE39C3F0064562C /* AdaptiveLayoutHelper.swift in Sources */,
				869AFB612B4524E70099D209 /* RouterProtocol.swift in Sources */,
				86C46BC72B14926600E8CC3E /* AlternativeView.swift in Sources */,
				869AFB262B2D63300099D209 /* TimeHandler.swift in Sources */,
				865463042AE1796C008E56A2 /* SceneDelegate.swift in Sources */,
				869AFB202B2C43B10099D209 /* WeatherCellViewModel.swift in Sources */,
				86C46BBC2B12064000E8CC3E /* SearchResultVC.swift in Sources */,
				863FA7122AE57B5F000229CB /* Constant.swift in Sources */,
				86ED66582AF4A82800BED0D5 /* BodyContentViewModel.swift in Sources */,
				8695140F2B1D954F006B8D43 /* ContentViewModel+Extra.swift in Sources */,
				868B6C172AEC0E93006610A9 /* FitUILabel.swift in Sources */,
				867EF8912AE271B00064562C /* WeatherService.swift in Sources */,
				869AFB312B31A6C80099D209 /* BottomAppBarViewModel.swift in Sources */,
				868528D32B1B371E0010C9EB /* Location.xcdatamodeld in Sources */,
				86ED665A2AF4A83C00BED0D5 /* MasterViewModel.swift in Sources */,
				867EF8A62AE3A6820064562C /* IntExtension.swift in Sources */,
				867EF8A02AE39CB20064562C /* UIViewExtension.swift in Sources */,
				86ED68AE2AF653B500BED0D5 /* TenDayForecastView.swift in Sources */,
				86C46BDB2B15F50900E8CC3E /* Location+CoreDataClass.swift in Sources */,
				869AFB592B429EC80099D209 /* CardViewHumidityForecastViewModel.swift in Sources */,
				86FE70062AEE4BF400E4BC1D /* BodyContentView.swift in Sources */,
				869AFB5D2B4524B70099D209 /* MasterCoordinator.swift in Sources */,
				869AFB632B45517F0099D209 /* Router.swift in Sources */,
				867EF88B2AE1821D0064562C /* Model.swift in Sources */,
				869AFB222B2C46A30099D209 /* GradientColorViewModel.swift in Sources */,
				867EF89F2AE39CB20064562C /* CGFloatExtension.swift in Sources */,
				867EF8A42AE3A3E30064562C /* ArrayExtension.swift in Sources */,
				869AFB512B3A96C40099D209 /* AlternativeViewModel.swift in Sources */,
				869514112B20367F006B8D43 /* UIView+Extra.swift in Sources */,
				869AFB3F2B355FCE0099D209 /* CardViewUVForecastViewModelCreator.swift in Sources */,
				869AFB392B355F070099D209 /* SubViewModelProtocol.swift in Sources */,
				863530D02B0728B000B7DD45 /* Publisher+Extra.swift in Sources */,
				869AFB572B3D414C0099D209 /* EditCellViewModel.swift in Sources */,
				86ED68B22AF7850300BED0D5 /* ForecastView.swift in Sources */,
				86C46BC22B13399300E8CC3E /* SearchResultViewModel.swift in Sources */,
				865F687F2AFB7B4300593105 /* SearchViewControllerViewModel.swift in Sources */,
			);
			runOnlyForDeploymentPostprocessing = 0;
		};
/* End PBXSourcesBuildPhase section */

/* Begin PBXVariantGroup section */
		8654630C2AE1796E008E56A2 /* LaunchScreen.storyboard */ = {
			isa = PBXVariantGroup;
			children = (
				8654630D2AE1796E008E56A2 /* Base */,
			);
			name = LaunchScreen.storyboard;
			sourceTree = "<group>";
		};
/* End PBXVariantGroup section */

/* Begin XCBuildConfiguration section */
		865463102AE1796E008E56A2 /* Debug */ = {
			isa = XCBuildConfiguration;
			buildSettings = {
				ALWAYS_SEARCH_USER_PATHS = NO;
				ASSETCATALOG_COMPILER_GENERATE_SWIFT_ASSET_SYMBOL_EXTENSIONS = YES;
				CLANG_ANALYZER_NONNULL = YES;
				CLANG_ANALYZER_NUMBER_OBJECT_CONVERSION = YES_AGGRESSIVE;
				CLANG_CXX_LANGUAGE_STANDARD = "gnu++20";
				CLANG_ENABLE_MODULES = YES;
				CLANG_ENABLE_OBJC_ARC = YES;
				CLANG_ENABLE_OBJC_WEAK = YES;
				CLANG_WARN_BLOCK_CAPTURE_AUTORELEASING = YES;
				CLANG_WARN_BOOL_CONVERSION = YES;
				CLANG_WARN_COMMA = YES;
				CLANG_WARN_CONSTANT_CONVERSION = YES;
				CLANG_WARN_DEPRECATED_OBJC_IMPLEMENTATIONS = YES;
				CLANG_WARN_DIRECT_OBJC_ISA_USAGE = YES_ERROR;
				CLANG_WARN_DOCUMENTATION_COMMENTS = YES;
				CLANG_WARN_EMPTY_BODY = YES;
				CLANG_WARN_ENUM_CONVERSION = YES;
				CLANG_WARN_INFINITE_RECURSION = YES;
				CLANG_WARN_INT_CONVERSION = YES;
				CLANG_WARN_NON_LITERAL_NULL_CONVERSION = YES;
				CLANG_WARN_OBJC_IMPLICIT_RETAIN_SELF = YES;
				CLANG_WARN_OBJC_LITERAL_CONVERSION = YES;
				CLANG_WARN_OBJC_ROOT_CLASS = YES_ERROR;
				CLANG_WARN_QUOTED_INCLUDE_IN_FRAMEWORK_HEADER = YES;
				CLANG_WARN_RANGE_LOOP_ANALYSIS = YES;
				CLANG_WARN_STRICT_PROTOTYPES = YES;
				CLANG_WARN_SUSPICIOUS_MOVE = YES;
				CLANG_WARN_UNGUARDED_AVAILABILITY = YES_AGGRESSIVE;
				CLANG_WARN_UNREACHABLE_CODE = YES;
				CLANG_WARN__DUPLICATE_METHOD_MATCH = YES;
				COPY_PHASE_STRIP = NO;
				DEBUG_INFORMATION_FORMAT = dwarf;
				ENABLE_STRICT_OBJC_MSGSEND = YES;
				ENABLE_TESTABILITY = YES;
				ENABLE_USER_SCRIPT_SANDBOXING = YES;
				GCC_C_LANGUAGE_STANDARD = gnu17;
				GCC_DYNAMIC_NO_PIC = NO;
				GCC_NO_COMMON_BLOCKS = YES;
				GCC_OPTIMIZATION_LEVEL = 0;
				GCC_PREPROCESSOR_DEFINITIONS = (
					"DEBUG=1",
					"$(inherited)",
				);
				GCC_WARN_64_TO_32_BIT_CONVERSION = YES;
				GCC_WARN_ABOUT_RETURN_TYPE = YES_ERROR;
				GCC_WARN_UNDECLARED_SELECTOR = YES;
				GCC_WARN_UNINITIALIZED_AUTOS = YES_AGGRESSIVE;
				GCC_WARN_UNUSED_FUNCTION = YES;
				GCC_WARN_UNUSED_VARIABLE = YES;
				IPHONEOS_DEPLOYMENT_TARGET = 17.0;
				LOCALIZATION_PREFERS_STRING_CATALOGS = YES;
				MTL_ENABLE_DEBUG_INFO = INCLUDE_SOURCE;
				MTL_FAST_MATH = YES;
				ONLY_ACTIVE_ARCH = YES;
				SDKROOT = iphoneos;
				SWIFT_ACTIVE_COMPILATION_CONDITIONS = "DEBUG $(inherited)";
				SWIFT_OPTIMIZATION_LEVEL = "-Onone";
			};
			name = Debug;
		};
		865463112AE1796E008E56A2 /* Release */ = {
			isa = XCBuildConfiguration;
			buildSettings = {
				ALWAYS_SEARCH_USER_PATHS = NO;
				ASSETCATALOG_COMPILER_GENERATE_SWIFT_ASSET_SYMBOL_EXTENSIONS = YES;
				CLANG_ANALYZER_NONNULL = YES;
				CLANG_ANALYZER_NUMBER_OBJECT_CONVERSION = YES_AGGRESSIVE;
				CLANG_CXX_LANGUAGE_STANDARD = "gnu++20";
				CLANG_ENABLE_MODULES = YES;
				CLANG_ENABLE_OBJC_ARC = YES;
				CLANG_ENABLE_OBJC_WEAK = YES;
				CLANG_WARN_BLOCK_CAPTURE_AUTORELEASING = YES;
				CLANG_WARN_BOOL_CONVERSION = YES;
				CLANG_WARN_COMMA = YES;
				CLANG_WARN_CONSTANT_CONVERSION = YES;
				CLANG_WARN_DEPRECATED_OBJC_IMPLEMENTATIONS = YES;
				CLANG_WARN_DIRECT_OBJC_ISA_USAGE = YES_ERROR;
				CLANG_WARN_DOCUMENTATION_COMMENTS = YES;
				CLANG_WARN_EMPTY_BODY = YES;
				CLANG_WARN_ENUM_CONVERSION = YES;
				CLANG_WARN_INFINITE_RECURSION = YES;
				CLANG_WARN_INT_CONVERSION = YES;
				CLANG_WARN_NON_LITERAL_NULL_CONVERSION = YES;
				CLANG_WARN_OBJC_IMPLICIT_RETAIN_SELF = YES;
				CLANG_WARN_OBJC_LITERAL_CONVERSION = YES;
				CLANG_WARN_OBJC_ROOT_CLASS = YES_ERROR;
				CLANG_WARN_QUOTED_INCLUDE_IN_FRAMEWORK_HEADER = YES;
				CLANG_WARN_RANGE_LOOP_ANALYSIS = YES;
				CLANG_WARN_STRICT_PROTOTYPES = YES;
				CLANG_WARN_SUSPICIOUS_MOVE = YES;
				CLANG_WARN_UNGUARDED_AVAILABILITY = YES_AGGRESSIVE;
				CLANG_WARN_UNREACHABLE_CODE = YES;
				CLANG_WARN__DUPLICATE_METHOD_MATCH = YES;
				COPY_PHASE_STRIP = NO;
				DEBUG_INFORMATION_FORMAT = "dwarf-with-dsym";
				ENABLE_NS_ASSERTIONS = NO;
				ENABLE_STRICT_OBJC_MSGSEND = YES;
				ENABLE_USER_SCRIPT_SANDBOXING = YES;
				GCC_C_LANGUAGE_STANDARD = gnu17;
				GCC_NO_COMMON_BLOCKS = YES;
				GCC_WARN_64_TO_32_BIT_CONVERSION = YES;
				GCC_WARN_ABOUT_RETURN_TYPE = YES_ERROR;
				GCC_WARN_UNDECLARED_SELECTOR = YES;
				GCC_WARN_UNINITIALIZED_AUTOS = YES_AGGRESSIVE;
				GCC_WARN_UNUSED_FUNCTION = YES;
				GCC_WARN_UNUSED_VARIABLE = YES;
				IPHONEOS_DEPLOYMENT_TARGET = 17.0;
				LOCALIZATION_PREFERS_STRING_CATALOGS = YES;
				MTL_ENABLE_DEBUG_INFO = NO;
				MTL_FAST_MATH = YES;
				SDKROOT = iphoneos;
				SWIFT_COMPILATION_MODE = wholemodule;
				VALIDATE_PRODUCT = YES;
			};
			name = Release;
		};
		865463132AE1796E008E56A2 /* Debug */ = {
			isa = XCBuildConfiguration;
			baseConfigurationReference = D8B60D1FABAAC2457C7DB861 /* Pods-Weather.debug.xcconfig */;
			buildSettings = {
				ASSETCATALOG_COMPILER_APPICON_NAME = AppIcon;
				ASSETCATALOG_COMPILER_GLOBAL_ACCENT_COLOR_NAME = AccentColor;
				CODE_SIGN_STYLE = Automatic;
				CURRENT_PROJECT_VERSION = 1;
				ENABLE_USER_SCRIPT_SANDBOXING = NO;
				GENERATE_INFOPLIST_FILE = YES;
				INFOPLIST_FILE = Weather/Info.plist;
				INFOPLIST_KEY_UIApplicationSupportsIndirectInputEvents = YES;
				INFOPLIST_KEY_UILaunchStoryboardName = LaunchScreen;
				INFOPLIST_KEY_UISupportedInterfaceOrientations = UIInterfaceOrientationPortrait;
				INFOPLIST_KEY_UISupportedInterfaceOrientations_iPad = "UIInterfaceOrientationLandscapeLeft UIInterfaceOrientationLandscapeRight UIInterfaceOrientationPortrait UIInterfaceOrientationPortraitUpsideDown";
				LD_RUNPATH_SEARCH_PATHS = (
					"$(inherited)",
					"@executable_path/Frameworks",
				);
				MARKETING_VERSION = 1.0;
				ONLY_ACTIVE_ARCH = YES;
				PRODUCT_BUNDLE_IDENTIFIER = philong.com.Weather;
				PRODUCT_NAME = "$(TARGET_NAME)";
				SUPPORTED_PLATFORMS = "iphoneos iphonesimulator";
				SUPPORTS_MACCATALYST = NO;
				SUPPORTS_MAC_DESIGNED_FOR_IPHONE_IPAD = NO;
				SWIFT_EMIT_LOC_STRINGS = YES;
				SWIFT_VERSION = 5.0;
				TARGETED_DEVICE_FAMILY = 1;
			};
			name = Debug;
		};
		865463142AE1796E008E56A2 /* Release */ = {
			isa = XCBuildConfiguration;
			baseConfigurationReference = 79EFCBC84E4F951CEB03AFEB /* Pods-Weather.release.xcconfig */;
			buildSettings = {
				ASSETCATALOG_COMPILER_APPICON_NAME = AppIcon;
				ASSETCATALOG_COMPILER_GLOBAL_ACCENT_COLOR_NAME = AccentColor;
				CODE_SIGN_STYLE = Automatic;
				CURRENT_PROJECT_VERSION = 1;
				ENABLE_USER_SCRIPT_SANDBOXING = NO;
				GENERATE_INFOPLIST_FILE = YES;
				INFOPLIST_FILE = Weather/Info.plist;
				INFOPLIST_KEY_UIApplicationSupportsIndirectInputEvents = YES;
				INFOPLIST_KEY_UILaunchStoryboardName = LaunchScreen;
				INFOPLIST_KEY_UISupportedInterfaceOrientations = UIInterfaceOrientationPortrait;
				INFOPLIST_KEY_UISupportedInterfaceOrientations_iPad = "UIInterfaceOrientationLandscapeLeft UIInterfaceOrientationLandscapeRight UIInterfaceOrientationPortrait UIInterfaceOrientationPortraitUpsideDown";
				LD_RUNPATH_SEARCH_PATHS = (
					"$(inherited)",
					"@executable_path/Frameworks",
				);
				MARKETING_VERSION = 1.0;
				ONLY_ACTIVE_ARCH = NO;
				PRODUCT_BUNDLE_IDENTIFIER = philong.com.Weather;
				PRODUCT_NAME = "$(TARGET_NAME)";
				SUPPORTED_PLATFORMS = "iphoneos iphonesimulator";
				SUPPORTS_MACCATALYST = NO;
				SUPPORTS_MAC_DESIGNED_FOR_IPHONE_IPAD = NO;
				SWIFT_EMIT_LOC_STRINGS = YES;
				SWIFT_VERSION = 5.0;
				TARGETED_DEVICE_FAMILY = 1;
			};
			name = Release;
		};
/* End XCBuildConfiguration section */

/* Begin XCConfigurationList section */
		865462F92AE1796B008E56A2 /* Build configuration list for PBXProject "Weather" */ = {
			isa = XCConfigurationList;
			buildConfigurations = (
				865463102AE1796E008E56A2 /* Debug */,
				865463112AE1796E008E56A2 /* Release */,
			);
			defaultConfigurationIsVisible = 0;
			defaultConfigurationName = Release;
		};
		865463122AE1796E008E56A2 /* Build configuration list for PBXNativeTarget "Weather" */ = {
			isa = XCConfigurationList;
			buildConfigurations = (
				865463132AE1796E008E56A2 /* Debug */,
				865463142AE1796E008E56A2 /* Release */,
			);
			defaultConfigurationIsVisible = 0;
			defaultConfigurationName = Release;
		};
/* End XCConfigurationList section */

/* Begin XCVersionGroup section */
		868528D12B1B371E0010C9EB /* Location.xcdatamodeld */ = {
			isa = XCVersionGroup;
			children = (
				868528D22B1B371E0010C9EB /* Location.xcdatamodel */,
			);
			currentVersion = 868528D22B1B371E0010C9EB /* Location.xcdatamodel */;
			path = Location.xcdatamodeld;
			sourceTree = "<group>";
			versionGroupType = wrapper.xcdatamodel;
		};
/* End XCVersionGroup section */
	};
	rootObject = 865462F62AE1796B008E56A2 /* Project object */;
}
