// !$*UTF8*$!
{
	archiveVersion = 1;
	classes = {
	};
	objectVersion = 56;
	objects = {

/* Begin PBXBuildFile section */
		8434B261537F25A536173518 /* Pods_Weather.framework in Frameworks */ = {isa = PBXBuildFile; fileRef = 96507A61F81A03808727A305 /* Pods_Weather.framework */; };
		863FA70E2AE51106000229CB /* ContentView.swift in Sources */ = {isa = PBXBuildFile; fileRef = 863FA70D2AE51106000229CB /* ContentView.swift */; };
		863FA7102AE51246000229CB /* BottomAppBarView.swift in Sources */ = {isa = PBXBuildFile; fileRef = 863FA70F2AE51246000229CB /* BottomAppBarView.swift */; };
		863FA7122AE57B5F000229CB /* Constant.swift in Sources */ = {isa = PBXBuildFile; fileRef = 863FA7112AE57B5F000229CB /* Constant.swift */; };
		863FA7142AE63679000229CB /* CardView.swift in Sources */ = {isa = PBXBuildFile; fileRef = 863FA7132AE63679000229CB /* CardView.swift */; };
		865463022AE1796C008E56A2 /* AppDelegate.swift in Sources */ = {isa = PBXBuildFile; fileRef = 865463012AE1796C008E56A2 /* AppDelegate.swift */; };
		865463042AE1796C008E56A2 /* SceneDelegate.swift in Sources */ = {isa = PBXBuildFile; fileRef = 865463032AE1796C008E56A2 /* SceneDelegate.swift */; };
		8654630B2AE1796E008E56A2 /* Assets.xcassets in Resources */ = {isa = PBXBuildFile; fileRef = 8654630A2AE1796E008E56A2 /* Assets.xcassets */; };
		8654630E2AE1796E008E56A2 /* LaunchScreen.storyboard in Resources */ = {isa = PBXBuildFile; fileRef = 8654630C2AE1796E008E56A2 /* LaunchScreen.storyboard */; };
		865463162AE17CC1008E56A2 /* ViewController.swift in Sources */ = {isa = PBXBuildFile; fileRef = 865463152AE17CC1008E56A2 /* ViewController.swift */; };
		867EF88B2AE1821D0064562C /* Model.swift in Sources */ = {isa = PBXBuildFile; fileRef = 867EF88A2AE1821D0064562C /* Model.swift */; };
		867EF88F2AE185AF0064562C /* ModelExtension.swift in Sources */ = {isa = PBXBuildFile; fileRef = 867EF88E2AE185AF0064562C /* ModelExtension.swift */; };
		867EF8912AE271B00064562C /* WeatherData.swift in Sources */ = {isa = PBXBuildFile; fileRef = 867EF8902AE271B00064562C /* WeatherData.swift */; };
		867EF8932AE39C3F0064562C /* AdaptiveLayoutHelper.swift in Sources */ = {isa = PBXBuildFile; fileRef = 867EF8922AE39C3F0064562C /* AdaptiveLayoutHelper.swift */; };
		867EF8982AE39C5D0064562C /* Dimension.swift in Sources */ = {isa = PBXBuildFile; fileRef = 867EF8952AE39C5D0064562C /* Dimension.swift */; };
		867EF8992AE39C5D0064562C /* Device.swift in Sources */ = {isa = PBXBuildFile; fileRef = 867EF8962AE39C5D0064562C /* Device.swift */; };
		867EF89A2AE39C5D0064562C /* Font.swift in Sources */ = {isa = PBXBuildFile; fileRef = 867EF8972AE39C5D0064562C /* Font.swift */; };
		867EF89F2AE39CB20064562C /* CGFloatExtension.swift in Sources */ = {isa = PBXBuildFile; fileRef = 867EF89D2AE39CB20064562C /* CGFloatExtension.swift */; };
		867EF8A02AE39CB20064562C /* UIViewExtension.swift in Sources */ = {isa = PBXBuildFile; fileRef = 867EF89E2AE39CB20064562C /* UIViewExtension.swift */; };
		867EF8A42AE3A3E30064562C /* ArrayExtension.swift in Sources */ = {isa = PBXBuildFile; fileRef = 867EF8A32AE3A3E30064562C /* ArrayExtension.swift */; };
		867EF8A62AE3A6820064562C /* IntExtension.swift in Sources */ = {isa = PBXBuildFile; fileRef = 867EF8A52AE3A6820064562C /* IntExtension.swift */; };
		867EF8A82AE3BD2C0064562C /* MasterViewController.swift in Sources */ = {isa = PBXBuildFile; fileRef = 867EF8A72AE3BD2B0064562C /* MasterViewController.swift */; };
		868B6C172AEC0E93006610A9 /* FitUILabel.swift in Sources */ = {isa = PBXBuildFile; fileRef = 868B6C162AEC0E92006610A9 /* FitUILabel.swift */; };
		868B6C192AEC0EE3006610A9 /* UILabel+Extra.swift in Sources */ = {isa = PBXBuildFile; fileRef = 868B6C182AEC0EE3006610A9 /* UILabel+Extra.swift */; };
		868B6C1B2AEC2DC1006610A9 /* blue-sky.jpeg in Resources */ = {isa = PBXBuildFile; fileRef = 868B6C1A2AEC2DC0006610A9 /* blue-sky.jpeg */; };
		869DAE752AEA5FBC00152FCF /* String+Extra.swift in Sources */ = {isa = PBXBuildFile; fileRef = 869DAE742AEA5FBC00152FCF /* String+Extra.swift */; };
		869DAE792AEB91A400152FCF /* white-cloud-blue-sky.jpg in Resources */ = {isa = PBXBuildFile; fileRef = 869DAE782AEB91A400152FCF /* white-cloud-blue-sky.jpg */; };
/* End PBXBuildFile section */

/* Begin PBXFileReference section */
		79EFCBC84E4F951CEB03AFEB /* Pods-Weather.release.xcconfig */ = {isa = PBXFileReference; includeInIndex = 1; lastKnownFileType = text.xcconfig; name = "Pods-Weather.release.xcconfig"; path = "Target Support Files/Pods-Weather/Pods-Weather.release.xcconfig"; sourceTree = "<group>"; };
		863FA70D2AE51106000229CB /* ContentView.swift */ = {isa = PBXFileReference; lastKnownFileType = sourcecode.swift; path = ContentView.swift; sourceTree = "<group>"; };
		863FA70F2AE51246000229CB /* BottomAppBarView.swift */ = {isa = PBXFileReference; lastKnownFileType = sourcecode.swift; path = BottomAppBarView.swift; sourceTree = "<group>"; };
		863FA7112AE57B5F000229CB /* Constant.swift */ = {isa = PBXFileReference; lastKnownFileType = sourcecode.swift; path = Constant.swift; sourceTree = "<group>"; };
		863FA7132AE63679000229CB /* CardView.swift */ = {isa = PBXFileReference; lastKnownFileType = sourcecode.swift; path = CardView.swift; sourceTree = "<group>"; };
		865462FE2AE1796B008E56A2 /* Weather.app */ = {isa = PBXFileReference; explicitFileType = wrapper.application; includeInIndex = 0; path = Weather.app; sourceTree = BUILT_PRODUCTS_DIR; };
		865463012AE1796C008E56A2 /* AppDelegate.swift */ = {isa = PBXFileReference; lastKnownFileType = sourcecode.swift; path = AppDelegate.swift; sourceTree = "<group>"; };
		865463032AE1796C008E56A2 /* SceneDelegate.swift */ = {isa = PBXFileReference; lastKnownFileType = sourcecode.swift; path = SceneDelegate.swift; sourceTree = "<group>"; };
		8654630A2AE1796E008E56A2 /* Assets.xcassets */ = {isa = PBXFileReference; lastKnownFileType = folder.assetcatalog; path = Assets.xcassets; sourceTree = "<group>"; };
		8654630D2AE1796E008E56A2 /* Base */ = {isa = PBXFileReference; lastKnownFileType = file.storyboard; name = Base; path = Base.lproj/LaunchScreen.storyboard; sourceTree = "<group>"; };
		8654630F2AE1796E008E56A2 /* Info.plist */ = {isa = PBXFileReference; lastKnownFileType = text.plist.xml; path = Info.plist; sourceTree = "<group>"; };
		865463152AE17CC1008E56A2 /* ViewController.swift */ = {isa = PBXFileReference; lastKnownFileType = sourcecode.swift; path = ViewController.swift; sourceTree = "<group>"; };
		867EF88A2AE1821D0064562C /* Model.swift */ = {isa = PBXFileReference; lastKnownFileType = sourcecode.swift; path = Model.swift; sourceTree = "<group>"; };
		867EF88E2AE185AF0064562C /* ModelExtension.swift */ = {isa = PBXFileReference; lastKnownFileType = sourcecode.swift; path = ModelExtension.swift; sourceTree = "<group>"; };
		867EF8902AE271B00064562C /* WeatherData.swift */ = {isa = PBXFileReference; lastKnownFileType = sourcecode.swift; path = WeatherData.swift; sourceTree = "<group>"; };
		867EF8922AE39C3F0064562C /* AdaptiveLayoutHelper.swift */ = {isa = PBXFileReference; fileEncoding = 4; lastKnownFileType = sourcecode.swift; path = AdaptiveLayoutHelper.swift; sourceTree = "<group>"; };
		867EF8952AE39C5D0064562C /* Dimension.swift */ = {isa = PBXFileReference; fileEncoding = 4; lastKnownFileType = sourcecode.swift; path = Dimension.swift; sourceTree = "<group>"; };
		867EF8962AE39C5D0064562C /* Device.swift */ = {isa = PBXFileReference; fileEncoding = 4; lastKnownFileType = sourcecode.swift; path = Device.swift; sourceTree = "<group>"; };
		867EF8972AE39C5D0064562C /* Font.swift */ = {isa = PBXFileReference; fileEncoding = 4; lastKnownFileType = sourcecode.swift; path = Font.swift; sourceTree = "<group>"; };
		867EF89D2AE39CB20064562C /* CGFloatExtension.swift */ = {isa = PBXFileReference; fileEncoding = 4; lastKnownFileType = sourcecode.swift; path = CGFloatExtension.swift; sourceTree = "<group>"; };
		867EF89E2AE39CB20064562C /* UIViewExtension.swift */ = {isa = PBXFileReference; fileEncoding = 4; lastKnownFileType = sourcecode.swift; path = UIViewExtension.swift; sourceTree = "<group>"; };
		867EF8A32AE3A3E30064562C /* ArrayExtension.swift */ = {isa = PBXFileReference; lastKnownFileType = sourcecode.swift; path = ArrayExtension.swift; sourceTree = "<group>"; };
		867EF8A52AE3A6820064562C /* IntExtension.swift */ = {isa = PBXFileReference; lastKnownFileType = sourcecode.swift; path = IntExtension.swift; sourceTree = "<group>"; };
		867EF8A72AE3BD2B0064562C /* MasterViewController.swift */ = {isa = PBXFileReference; lastKnownFileType = sourcecode.swift; path = MasterViewController.swift; sourceTree = "<group>"; };
		868B6C162AEC0E92006610A9 /* FitUILabel.swift */ = {isa = PBXFileReference; lastKnownFileType = sourcecode.swift; path = FitUILabel.swift; sourceTree = "<group>"; };
		868B6C182AEC0EE3006610A9 /* UILabel+Extra.swift */ = {isa = PBXFileReference; lastKnownFileType = sourcecode.swift; path = "UILabel+Extra.swift"; sourceTree = "<group>"; };
		868B6C1A2AEC2DC0006610A9 /* blue-sky.jpeg */ = {isa = PBXFileReference; lastKnownFileType = image.jpeg; path = "blue-sky.jpeg"; sourceTree = "<group>"; };
		869DAE742AEA5FBC00152FCF /* String+Extra.swift */ = {isa = PBXFileReference; lastKnownFileType = sourcecode.swift; path = "String+Extra.swift"; sourceTree = "<group>"; };
		869DAE782AEB91A400152FCF /* white-cloud-blue-sky.jpg */ = {isa = PBXFileReference; lastKnownFileType = image.jpeg; path = "white-cloud-blue-sky.jpg"; sourceTree = "<group>"; };
		96507A61F81A03808727A305 /* Pods_Weather.framework */ = {isa = PBXFileReference; explicitFileType = wrapper.framework; includeInIndex = 0; path = Pods_Weather.framework; sourceTree = BUILT_PRODUCTS_DIR; };
		D8B60D1FABAAC2457C7DB861 /* Pods-Weather.debug.xcconfig */ = {isa = PBXFileReference; includeInIndex = 1; lastKnownFileType = text.xcconfig; name = "Pods-Weather.debug.xcconfig"; path = "Target Support Files/Pods-Weather/Pods-Weather.debug.xcconfig"; sourceTree = "<group>"; };
/* End PBXFileReference section */

/* Begin PBXFrameworksBuildPhase section */
		865462FB2AE1796B008E56A2 /* Frameworks */ = {
			isa = PBXFrameworksBuildPhase;
			buildActionMask = 2147483647;
			files = (
				8434B261537F25A536173518 /* Pods_Weather.framework in Frameworks */,
			);
			runOnlyForDeploymentPostprocessing = 0;
		};
/* End PBXFrameworksBuildPhase section */

/* Begin PBXGroup section */
		5E18DF8E8434C067D75C3048 /* Frameworks */ = {
			isa = PBXGroup;
			children = (
				96507A61F81A03808727A305 /* Pods_Weather.framework */,
			);
			name = Frameworks;
			sourceTree = "<group>";
		};
		860B54AE2FFC13798BEB6E6E /* Pods */ = {
			isa = PBXGroup;
			children = (
				D8B60D1FABAAC2457C7DB861 /* Pods-Weather.debug.xcconfig */,
				79EFCBC84E4F951CEB03AFEB /* Pods-Weather.release.xcconfig */,
			);
			path = Pods;
			sourceTree = "<group>";
		};
		8626F33F2AECF7D100E2F826 /* Resources */ = {
			isa = PBXGroup;
			children = (
				869DAE782AEB91A400152FCF /* white-cloud-blue-sky.jpg */,
				868B6C1A2AEC2DC0006610A9 /* blue-sky.jpeg */,
			);
			path = Resources;
			sourceTree = "<group>";
		};
		865462F52AE1796B008E56A2 = {
			isa = PBXGroup;
			children = (
				865463002AE1796C008E56A2 /* Weather */,
				865462FF2AE1796B008E56A2 /* Products */,
				860B54AE2FFC13798BEB6E6E /* Pods */,
				5E18DF8E8434C067D75C3048 /* Frameworks */,
			);
			sourceTree = "<group>";
		};
		865462FF2AE1796B008E56A2 /* Products */ = {
			isa = PBXGroup;
			children = (
				865462FE2AE1796B008E56A2 /* Weather.app */,
			);
			name = Products;
			sourceTree = "<group>";
		};
		865463002AE1796C008E56A2 /* Weather */ = {
			isa = PBXGroup;
			children = (
				865463032AE1796C008E56A2 /* SceneDelegate.swift */,
				865463012AE1796C008E56A2 /* AppDelegate.swift */,
				867EF8892AE180CE0064562C /* Helpers */,
				867EF8882AE180B70064562C /* Model */,
				867EF8872AE180B10064562C /* ViewModel */,
				867EF8862AE180AB0064562C /* View */,
				8626F33F2AECF7D100E2F826 /* Resources */,
				8654630A2AE1796E008E56A2 /* Assets.xcassets */,
				8654630C2AE1796E008E56A2 /* LaunchScreen.storyboard */,
				8654630F2AE1796E008E56A2 /* Info.plist */,
				865463152AE17CC1008E56A2 /* ViewController.swift */,
			);
			path = Weather;
			sourceTree = "<group>";
		};
		867EF8862AE180AB0064562C /* View */ = {
			isa = PBXGroup;
			children = (
				867EF8A72AE3BD2B0064562C /* MasterViewController.swift */,
				863FA70D2AE51106000229CB /* ContentView.swift */,
				863FA70F2AE51246000229CB /* BottomAppBarView.swift */,
				863FA7132AE63679000229CB /* CardView.swift */,
			);
			path = View;
			sourceTree = "<group>";
		};
		867EF8872AE180B10064562C /* ViewModel */ = {
			isa = PBXGroup;
			children = (
			);
			path = ViewModel;
			sourceTree = "<group>";
		};
		867EF8882AE180B70064562C /* Model */ = {
			isa = PBXGroup;
			children = (
				867EF88A2AE1821D0064562C /* Model.swift */,
				867EF88E2AE185AF0064562C /* ModelExtension.swift */,
			);
			path = Model;
			sourceTree = "<group>";
		};
		867EF8892AE180CE0064562C /* Helpers */ = {
			isa = PBXGroup;
			children = (
				867EF8A22AE39DC50064562C /* Network */,
				867EF8A12AE39CEF0064562C /* AdaptiveLayout */,
				867EF8942AE39C5D0064562C /* Enums */,
				863FA7112AE57B5F000229CB /* Constant.swift */,
				869DAE742AEA5FBC00152FCF /* String+Extra.swift */,
				868B6C162AEC0E92006610A9 /* FitUILabel.swift */,
				868B6C182AEC0EE3006610A9 /* UILabel+Extra.swift */,
			);
			path = Helpers;
			sourceTree = "<group>";
		};
		867EF8942AE39C5D0064562C /* Enums */ = {
			isa = PBXGroup;
			children = (
				867EF8952AE39C5D0064562C /* Dimension.swift */,
				867EF8962AE39C5D0064562C /* Device.swift */,
			);
			path = Enums;
			sourceTree = "<group>";
		};
		867EF8A12AE39CEF0064562C /* AdaptiveLayout */ = {
			isa = PBXGroup;
			children = (
				867EF8922AE39C3F0064562C /* AdaptiveLayoutHelper.swift */,
				867EF89E2AE39CB20064562C /* UIViewExtension.swift */,
				867EF89D2AE39CB20064562C /* CGFloatExtension.swift */,
				867EF8A32AE3A3E30064562C /* ArrayExtension.swift */,
				867EF8A52AE3A6820064562C /* IntExtension.swift */,
				867EF8972AE39C5D0064562C /* Font.swift */,
			);
			path = AdaptiveLayout;
			sourceTree = "<group>";
		};
		867EF8A22AE39DC50064562C /* Network */ = {
			isa = PBXGroup;
			children = (
				867EF8902AE271B00064562C /* WeatherData.swift */,
			);
			path = Network;
			sourceTree = "<group>";
		};
/* End PBXGroup section */

/* Begin PBXNativeTarget section */
		865462FD2AE1796B008E56A2 /* Weather */ = {
			isa = PBXNativeTarget;
			buildConfigurationList = 865463122AE1796E008E56A2 /* Build configuration list for PBXNativeTarget "Weather" */;
			buildPhases = (
				5E1CD049DF1845B77DD04E26 /* [CP] Check Pods Manifest.lock */,
				865462FA2AE1796B008E56A2 /* Sources */,
				865462FB2AE1796B008E56A2 /* Frameworks */,
				865462FC2AE1796B008E56A2 /* Resources */,
				430A5745A851EA19881A9DFE /* [CP] Embed Pods Frameworks */,
			);
			buildRules = (
			);
			dependencies = (
			);
			name = Weather;
			productName = Weather;
			productReference = 865462FE2AE1796B008E56A2 /* Weather.app */;
			productType = "com.apple.product-type.application";
		};
/* End PBXNativeTarget section */

/* Begin PBXProject section */
		865462F62AE1796B008E56A2 /* Project object */ = {
			isa = PBXProject;
			attributes = {
				BuildIndependentTargetsInParallel = 1;
				LastSwiftUpdateCheck = 1500;
				LastUpgradeCheck = 1500;
				TargetAttributes = {
					865462FD2AE1796B008E56A2 = {
						CreatedOnToolsVersion = 15.0;
					};
				};
			};
			buildConfigurationList = 865462F92AE1796B008E56A2 /* Build configuration list for PBXProject "Weather" */;
			compatibilityVersion = "Xcode 14.0";
			developmentRegion = en;
			hasScannedForEncodings = 0;
			knownRegions = (
				en,
				Base,
			);
			mainGroup = 865462F52AE1796B008E56A2;
			productRefGroup = 865462FF2AE1796B008E56A2 /* Products */;
			projectDirPath = "";
			projectRoot = "";
			targets = (
				865462FD2AE1796B008E56A2 /* Weather */,
			);
		};
/* End PBXProject section */

/* Begin PBXResourcesBuildPhase section */
		865462FC2AE1796B008E56A2 /* Resources */ = {
			isa = PBXResourcesBuildPhase;
			buildActionMask = 2147483647;
			files = (
				869DAE792AEB91A400152FCF /* white-cloud-blue-sky.jpg in Resources */,
				868B6C1B2AEC2DC1006610A9 /* blue-sky.jpeg in Resources */,
				8654630E2AE1796E008E56A2 /* LaunchScreen.storyboard in Resources */,
				8654630B2AE1796E008E56A2 /* Assets.xcassets in Resources */,
			);
			runOnlyForDeploymentPostprocessing = 0;
		};
/* End PBXResourcesBuildPhase section */

/* Begin PBXShellScriptBuildPhase section */
		430A5745A851EA19881A9DFE /* [CP] Embed Pods Frameworks */ = {
			isa = PBXShellScriptBuildPhase;
			buildActionMask = 2147483647;
			files = (
			);
			inputFileListPaths = (
				"${PODS_ROOT}/Target Support Files/Pods-Weather/Pods-Weather-frameworks-${CONFIGURATION}-input-files.xcfilelist",
			);
			name = "[CP] Embed Pods Frameworks";
			outputFileListPaths = (
				"${PODS_ROOT}/Target Support Files/Pods-Weather/Pods-Weather-frameworks-${CONFIGURATION}-output-files.xcfilelist",
			);
			runOnlyForDeploymentPostprocessing = 0;
			shellPath = /bin/sh;
			shellScript = "\"${PODS_ROOT}/Target Support Files/Pods-Weather/Pods-Weather-frameworks.sh\"\n";
			showEnvVarsInLog = 0;
		};
		5E1CD049DF1845B77DD04E26 /* [CP] Check Pods Manifest.lock */ = {
			isa = PBXShellScriptBuildPhase;
			buildActionMask = 2147483647;
			files = (
			);
			inputFileListPaths = (
			);
			inputPaths = (
				"${PODS_PODFILE_DIR_PATH}/Podfile.lock",
				"${PODS_ROOT}/Manifest.lock",
			);
			name = "[CP] Check Pods Manifest.lock";
			outputFileListPaths = (
			);
			outputPaths = (
				"$(DERIVED_FILE_DIR)/Pods-Weather-checkManifestLockResult.txt",
			);
			runOnlyForDeploymentPostprocessing = 0;
			shellPath = /bin/sh;
			shellScript = "diff \"${PODS_PODFILE_DIR_PATH}/Podfile.lock\" \"${PODS_ROOT}/Manifest.lock\" > /dev/null\nif [ $? != 0 ] ; then\n    # print error to STDERR\n    echo \"error: The sandbox is not in sync with the Podfile.lock. Run 'pod install' or update your CocoaPods installation.\" >&2\n    exit 1\nfi\n# This output is used by Xcode 'outputs' to avoid re-running this script phase.\necho \"SUCCESS\" > \"${SCRIPT_OUTPUT_FILE_0}\"\n";
			showEnvVarsInLog = 0;
		};
/* End PBXShellScriptBuildPhase section */

/* Begin PBXSourcesBuildPhase section */
		865462FA2AE1796B008E56A2 /* Sources */ = {
			isa = PBXSourcesBuildPhase;
			buildActionMask = 2147483647;
			files = (
				867EF8982AE39C5D0064562C /* Dimension.swift in Sources */,
				867EF8A82AE3BD2C0064562C /* MasterViewController.swift in Sources */,
				863FA70E2AE51106000229CB /* ContentView.swift in Sources */,
				868B6C192AEC0EE3006610A9 /* UILabel+Extra.swift in Sources */,
				869DAE752AEA5FBC00152FCF /* String+Extra.swift in Sources */,
				865463162AE17CC1008E56A2 /* ViewController.swift in Sources */,
				867EF89A2AE39C5D0064562C /* Font.swift in Sources */,
				865463022AE1796C008E56A2 /* AppDelegate.swift in Sources */,
				863FA7102AE51246000229CB /* BottomAppBarView.swift in Sources */,
				863FA7142AE63679000229CB /* CardView.swift in Sources */,
				867EF8992AE39C5D0064562C /* Device.swift in Sources */,
				867EF8932AE39C3F0064562C /* AdaptiveLayoutHelper.swift in Sources */,
				867EF88F2AE185AF0064562C /* ModelExtension.swift in Sources */,
				865463042AE1796C008E56A2 /* SceneDelegate.swift in Sources */,
				863FA7122AE57B5F000229CB /* Constant.swift in Sources */,
				868B6C172AEC0E93006610A9 /* FitUILabel.swift in Sources */,
				867EF8912AE271B00064562C /* WeatherData.swift in Sources */,
				867EF8A62AE3A6820064562C /* IntExtension.swift in Sources */,
				867EF8A02AE39CB20064562C /* UIViewExtension.swift in Sources */,
				867EF88B2AE1821D0064562C /* Model.swift in Sources */,
				867EF89F2AE39CB20064562C /* CGFloatExtension.swift in Sources */,
				867EF8A42AE3A3E30064562C /* ArrayExtension.swift in Sources */,
			);
			runOnlyForDeploymentPostprocessing = 0;
		};
/* End PBXSourcesBuildPhase section */

/* Begin PBXVariantGroup section */
		8654630C2AE1796E008E56A2 /* LaunchScreen.storyboard */ = {
			isa = PBXVariantGroup;
			children = (
				8654630D2AE1796E008E56A2 /* Base */,
			);
			name = LaunchScreen.storyboard;
			sourceTree = "<group>";
		};
/* End PBXVariantGroup section */

/* Begin XCBuildConfiguration section */
		865463102AE1796E008E56A2 /* Debug */ = {
			isa = XCBuildConfiguration;
			buildSettings = {
				ALWAYS_SEARCH_USER_PATHS = NO;
				ASSETCATALOG_COMPILER_GENERATE_SWIFT_ASSET_SYMBOL_EXTENSIONS = YES;
				CLANG_ANALYZER_NONNULL = YES;
				CLANG_ANALYZER_NUMBER_OBJECT_CONVERSION = YES_AGGRESSIVE;
				CLANG_CXX_LANGUAGE_STANDARD = "gnu++20";
				CLANG_ENABLE_MODULES = YES;
				CLANG_ENABLE_OBJC_ARC = YES;
				CLANG_ENABLE_OBJC_WEAK = YES;
				CLANG_WARN_BLOCK_CAPTURE_AUTORELEASING = YES;
				CLANG_WARN_BOOL_CONVERSION = YES;
				CLANG_WARN_COMMA = YES;
				CLANG_WARN_CONSTANT_CONVERSION = YES;
				CLANG_WARN_DEPRECATED_OBJC_IMPLEMENTATIONS = YES;
				CLANG_WARN_DIRECT_OBJC_ISA_USAGE = YES_ERROR;
				CLANG_WARN_DOCUMENTATION_COMMENTS = YES;
				CLANG_WARN_EMPTY_BODY = YES;
				CLANG_WARN_ENUM_CONVERSION = YES;
				CLANG_WARN_INFINITE_RECURSION = YES;
				CLANG_WARN_INT_CONVERSION = YES;
				CLANG_WARN_NON_LITERAL_NULL_CONVERSION = YES;
				CLANG_WARN_OBJC_IMPLICIT_RETAIN_SELF = YES;
				CLANG_WARN_OBJC_LITERAL_CONVERSION = YES;
				CLANG_WARN_OBJC_ROOT_CLASS = YES_ERROR;
				CLANG_WARN_QUOTED_INCLUDE_IN_FRAMEWORK_HEADER = YES;
				CLANG_WARN_RANGE_LOOP_ANALYSIS = YES;
				CLANG_WARN_STRICT_PROTOTYPES = YES;
				CLANG_WARN_SUSPICIOUS_MOVE = YES;
				CLANG_WARN_UNGUARDED_AVAILABILITY = YES_AGGRESSIVE;
				CLANG_WARN_UNREACHABLE_CODE = YES;
				CLANG_WARN__DUPLICATE_METHOD_MATCH = YES;
				COPY_PHASE_STRIP = NO;
				DEBUG_INFORMATION_FORMAT = dwarf;
				ENABLE_STRICT_OBJC_MSGSEND = YES;
				ENABLE_TESTABILITY = YES;
				ENABLE_USER_SCRIPT_SANDBOXING = YES;
				GCC_C_LANGUAGE_STANDARD = gnu17;
				GCC_DYNAMIC_NO_PIC = NO;
				GCC_NO_COMMON_BLOCKS = YES;
				GCC_OPTIMIZATION_LEVEL = 0;
				GCC_PREPROCESSOR_DEFINITIONS = (
					"DEBUG=1",
					"$(inherited)",
				);
				GCC_WARN_64_TO_32_BIT_CONVERSION = YES;
				GCC_WARN_ABOUT_RETURN_TYPE = YES_ERROR;
				GCC_WARN_UNDECLARED_SELECTOR = YES;
				GCC_WARN_UNINITIALIZED_AUTOS = YES_AGGRESSIVE;
				GCC_WARN_UNUSED_FUNCTION = YES;
				GCC_WARN_UNUSED_VARIABLE = YES;
				IPHONEOS_DEPLOYMENT_TARGET = 17.0;
				LOCALIZATION_PREFERS_STRING_CATALOGS = YES;
				MTL_ENABLE_DEBUG_INFO = INCLUDE_SOURCE;
				MTL_FAST_MATH = YES;
				ONLY_ACTIVE_ARCH = YES;
				SDKROOT = iphoneos;
				SWIFT_ACTIVE_COMPILATION_CONDITIONS = "DEBUG $(inherited)";
				SWIFT_OPTIMIZATION_LEVEL = "-Onone";
			};
			name = Debug;
		};
		865463112AE1796E008E56A2 /* Release */ = {
			isa = XCBuildConfiguration;
			buildSettings = {
				ALWAYS_SEARCH_USER_PATHS = NO;
				ASSETCATALOG_COMPILER_GENERATE_SWIFT_ASSET_SYMBOL_EXTENSIONS = YES;
				CLANG_ANALYZER_NONNULL = YES;
				CLANG_ANALYZER_NUMBER_OBJECT_CONVERSION = YES_AGGRESSIVE;
				CLANG_CXX_LANGUAGE_STANDARD = "gnu++20";
				CLANG_ENABLE_MODULES = YES;
				CLANG_ENABLE_OBJC_ARC = YES;
				CLANG_ENABLE_OBJC_WEAK = YES;
				CLANG_WARN_BLOCK_CAPTURE_AUTORELEASING = YES;
				CLANG_WARN_BOOL_CONVERSION = YES;
				CLANG_WARN_COMMA = YES;
				CLANG_WARN_CONSTANT_CONVERSION = YES;
				CLANG_WARN_DEPRECATED_OBJC_IMPLEMENTATIONS = YES;
				CLANG_WARN_DIRECT_OBJC_ISA_USAGE = YES_ERROR;
				CLANG_WARN_DOCUMENTATION_COMMENTS = YES;
				CLANG_WARN_EMPTY_BODY = YES;
				CLANG_WARN_ENUM_CONVERSION = YES;
				CLANG_WARN_INFINITE_RECURSION = YES;
				CLANG_WARN_INT_CONVERSION = YES;
				CLANG_WARN_NON_LITERAL_NULL_CONVERSION = YES;
				CLANG_WARN_OBJC_IMPLICIT_RETAIN_SELF = YES;
				CLANG_WARN_OBJC_LITERAL_CONVERSION = YES;
				CLANG_WARN_OBJC_ROOT_CLASS = YES_ERROR;
				CLANG_WARN_QUOTED_INCLUDE_IN_FRAMEWORK_HEADER = YES;
				CLANG_WARN_RANGE_LOOP_ANALYSIS = YES;
				CLANG_WARN_STRICT_PROTOTYPES = YES;
				CLANG_WARN_SUSPICIOUS_MOVE = YES;
				CLANG_WARN_UNGUARDED_AVAILABILITY = YES_AGGRESSIVE;
				CLANG_WARN_UNREACHABLE_CODE = YES;
				CLANG_WARN__DUPLICATE_METHOD_MATCH = YES;
				COPY_PHASE_STRIP = NO;
				DEBUG_INFORMATION_FORMAT = "dwarf-with-dsym";
				ENABLE_NS_ASSERTIONS = NO;
				ENABLE_STRICT_OBJC_MSGSEND = YES;
				ENABLE_USER_SCRIPT_SANDBOXING = YES;
				GCC_C_LANGUAGE_STANDARD = gnu17;
				GCC_NO_COMMON_BLOCKS = YES;
				GCC_WARN_64_TO_32_BIT_CONVERSION = YES;
				GCC_WARN_ABOUT_RETURN_TYPE = YES_ERROR;
				GCC_WARN_UNDECLARED_SELECTOR = YES;
				GCC_WARN_UNINITIALIZED_AUTOS = YES_AGGRESSIVE;
				GCC_WARN_UNUSED_FUNCTION = YES;
				GCC_WARN_UNUSED_VARIABLE = YES;
				IPHONEOS_DEPLOYMENT_TARGET = 17.0;
				LOCALIZATION_PREFERS_STRING_CATALOGS = YES;
				MTL_ENABLE_DEBUG_INFO = NO;
				MTL_FAST_MATH = YES;
				SDKROOT = iphoneos;
				SWIFT_COMPILATION_MODE = wholemodule;
				VALIDATE_PRODUCT = YES;
			};
			name = Release;
		};
		865463132AE1796E008E56A2 /* Debug */ = {
			isa = XCBuildConfiguration;
			baseConfigurationReference = D8B60D1FABAAC2457C7DB861 /* Pods-Weather.debug.xcconfig */;
			buildSettings = {
				ASSETCATALOG_COMPILER_APPICON_NAME = AppIcon;
				ASSETCATALOG_COMPILER_GLOBAL_ACCENT_COLOR_NAME = AccentColor;
				CODE_SIGN_STYLE = Automatic;
				CURRENT_PROJECT_VERSION = 1;
				ENABLE_USER_SCRIPT_SANDBOXING = NO;
				GENERATE_INFOPLIST_FILE = YES;
				INFOPLIST_FILE = Weather/Info.plist;
				INFOPLIST_KEY_UIApplicationSupportsIndirectInputEvents = YES;
				INFOPLIST_KEY_UILaunchStoryboardName = LaunchScreen;
				INFOPLIST_KEY_UISupportedInterfaceOrientations_iPad = "UIInterfaceOrientationPortrait UIInterfaceOrientationPortraitUpsideDown UIInterfaceOrientationLandscapeLeft UIInterfaceOrientationLandscapeRight";
				INFOPLIST_KEY_UISupportedInterfaceOrientations_iPhone = "UIInterfaceOrientationPortrait UIInterfaceOrientationLandscapeLeft UIInterfaceOrientationLandscapeRight";
				LD_RUNPATH_SEARCH_PATHS = (
					"$(inherited)",
					"@executable_path/Frameworks",
				);
				MARKETING_VERSION = 1.0;
				PRODUCT_BUNDLE_IDENTIFIER = philong.com.Weather;
				PRODUCT_NAME = "$(TARGET_NAME)";
				SWIFT_EMIT_LOC_STRINGS = YES;
				SWIFT_VERSION = 5.0;
				TARGETED_DEVICE_FAMILY = "1,2";
			};
			name = Debug;
		};
		865463142AE1796E008E56A2 /* Release */ = {
			isa = XCBuildConfiguration;
			baseConfigurationReference = 79EFCBC84E4F951CEB03AFEB /* Pods-Weather.release.xcconfig */;
			buildSettings = {
				ASSETCATALOG_COMPILER_APPICON_NAME = AppIcon;
				ASSETCATALOG_COMPILER_GLOBAL_ACCENT_COLOR_NAME = AccentColor;
				CODE_SIGN_STYLE = Automatic;
				CURRENT_PROJECT_VERSION = 1;
				ENABLE_USER_SCRIPT_SANDBOXING = NO;
				GENERATE_INFOPLIST_FILE = YES;
				INFOPLIST_FILE = Weather/Info.plist;
				INFOPLIST_KEY_UIApplicationSupportsIndirectInputEvents = YES;
				INFOPLIST_KEY_UILaunchStoryboardName = LaunchScreen;
				INFOPLIST_KEY_UISupportedInterfaceOrientations_iPad = "UIInterfaceOrientationPortrait UIInterfaceOrientationPortraitUpsideDown UIInterfaceOrientationLandscapeLeft UIInterfaceOrientationLandscapeRight";
				INFOPLIST_KEY_UISupportedInterfaceOrientations_iPhone = "UIInterfaceOrientationPortrait UIInterfaceOrientationLandscapeLeft UIInterfaceOrientationLandscapeRight";
				LD_RUNPATH_SEARCH_PATHS = (
					"$(inherited)",
					"@executable_path/Frameworks",
				);
				MARKETING_VERSION = 1.0;
				PRODUCT_BUNDLE_IDENTIFIER = philong.com.Weather;
				PRODUCT_NAME = "$(TARGET_NAME)";
				SWIFT_EMIT_LOC_STRINGS = YES;
				SWIFT_VERSION = 5.0;
				TARGETED_DEVICE_FAMILY = "1,2";
			};
			name = Release;
		};
/* End XCBuildConfiguration section */

/* Begin XCConfigurationList section */
		865462F92AE1796B008E56A2 /* Build configuration list for PBXProject "Weather" */ = {
			isa = XCConfigurationList;
			buildConfigurations = (
				865463102AE1796E008E56A2 /* Debug */,
				865463112AE1796E008E56A2 /* Release */,
			);
			defaultConfigurationIsVisible = 0;
			defaultConfigurationName = Release;
		};
		865463122AE1796E008E56A2 /* Build configuration list for PBXNativeTarget "Weather" */ = {
			isa = XCConfigurationList;
			buildConfigurations = (
				865463132AE1796E008E56A2 /* Debug */,
				865463142AE1796E008E56A2 /* Release */,
			);
			defaultConfigurationIsVisible = 0;
			defaultConfigurationName = Release;
		};
/* End XCConfigurationList section */
	};
	rootObject = 865462F62AE1796B008E56A2 /* Project object */;
}
